// !$*UTF8*$!
{
	archiveVersion = 1;
	classes = {
	};
	objectVersion = 46;
	objects = {

/* Begin PBXBuildFile section */
		F3FBE92814D79B2800CF86BA /* UIKit.framework in Frameworks */ = {isa = PBXBuildFile; fileRef = F3FBE92714D79B2800CF86BA /* UIKit.framework */; };
		F3FBE92A14D79B2800CF86BA /* Foundation.framework in Frameworks */ = {isa = PBXBuildFile; fileRef = F3FBE92914D79B2800CF86BA /* Foundation.framework */; };
		F3FBE92C14D79B2800CF86BA /* CoreGraphics.framework in Frameworks */ = {isa = PBXBuildFile; fileRef = F3FBE92B14D79B2800CF86BA /* CoreGraphics.framework */; };
		F3FBE93214D79B2800CF86BA /* InfoPlist.strings in Resources */ = {isa = PBXBuildFile; fileRef = F3FBE93014D79B2800CF86BA /* InfoPlist.strings */; };
		F3FBE93414D79B2800CF86BA /* main.m in Sources */ = {isa = PBXBuildFile; fileRef = F3FBE93314D79B2800CF86BA /* main.m */; };
		F3FBE93814D79B2800CF86BA /* AppDelegate.m in Sources */ = {isa = PBXBuildFile; fileRef = F3FBE93714D79B2800CF86BA /* AppDelegate.m */; };
		F3FBE94414D79C4500CF86BA /* icon-72.png in Resources */ = {isa = PBXBuildFile; fileRef = F3FBE93F14D79C4500CF86BA /* icon-72.png */; };
		F3FBE94514D79C4500CF86BA /* icon.png in Resources */ = {isa = PBXBuildFile; fileRef = F3FBE94014D79C4500CF86BA /* icon.png */; };
		F3FBE94614D79C4500CF86BA /* icon@2x.png in Resources */ = {isa = PBXBuildFile; fileRef = F3FBE94114D79C4500CF86BA /* icon@2x.png */; };
		F3FBE94714D79C4500CF86BA /* Default.png in Resources */ = {isa = PBXBuildFile; fileRef = F3FBE94214D79C4500CF86BA /* Default.png */; };
		F3FBE94814D79C4500CF86BA /* Default@2x.png in Resources */ = {isa = PBXBuildFile; fileRef = F3FBE94314D79C4500CF86BA /* Default@2x.png */; };
		F3FBE94C14D7D3D200CF86BA /* AuthenticationController.m in Sources */ = {isa = PBXBuildFile; fileRef = F3FBE94A14D7D3D200CF86BA /* AuthenticationController.m */; };
		F3FBE94D14D7D3D200CF86BA /* AuthenticationController.xib in Resources */ = {isa = PBXBuildFile; fileRef = F3FBE94B14D7D3D200CF86BA /* AuthenticationController.xib */; };
		F3FBE95314D7DA3D00CF86BA /* logo.png in Resources */ = {isa = PBXBuildFile; fileRef = F3FBE95214D7DA3D00CF86BA /* logo.png */; };
/* End PBXBuildFile section */

/* Begin PBXFileReference section */
		2CAE5BFC14ED36B40041D5B5 /* AddressBookUI.framework */ = {isa = PBXFileReference; lastKnownFileType = wrapper.framework; name = AddressBookUI.framework; path = System/Library/Frameworks/AddressBookUI.framework; sourceTree = SDKROOT; };
		2CB81B5A14E23B6600BA77C0 /* libsqlite3.0.dylib */ = {isa = PBXFileReference; lastKnownFileType = "compiled.mach-o.dylib"; name = libsqlite3.0.dylib; path = usr/lib/libsqlite3.0.dylib; sourceTree = SDKROOT; };
		F3FBE92314D79B2800CF86BA /* MyTask.app */ = {isa = PBXFileReference; explicitFileType = wrapper.application; includeInIndex = 0; path = MyTask.app; sourceTree = BUILT_PRODUCTS_DIR; };
		F3FBE92714D79B2800CF86BA /* UIKit.framework */ = {isa = PBXFileReference; lastKnownFileType = wrapper.framework; name = UIKit.framework; path = System/Library/Frameworks/UIKit.framework; sourceTree = SDKROOT; };
		F3FBE92914D79B2800CF86BA /* Foundation.framework */ = {isa = PBXFileReference; lastKnownFileType = wrapper.framework; name = Foundation.framework; path = System/Library/Frameworks/Foundation.framework; sourceTree = SDKROOT; };
		F3FBE92B14D79B2800CF86BA /* CoreGraphics.framework */ = {isa = PBXFileReference; lastKnownFileType = wrapper.framework; name = CoreGraphics.framework; path = System/Library/Frameworks/CoreGraphics.framework; sourceTree = SDKROOT; };
		F3FBE92F14D79B2800CF86BA /* MyTask-Info.plist */ = {isa = PBXFileReference; lastKnownFileType = text.plist.xml; path = "MyTask-Info.plist"; sourceTree = "<group>"; };
		F3FBE93114D79B2800CF86BA /* en */ = {isa = PBXFileReference; lastKnownFileType = text.plist.strings; name = en; path = en.lproj/InfoPlist.strings; sourceTree = "<group>"; };
		F3FBE93314D79B2800CF86BA /* main.m */ = {isa = PBXFileReference; lastKnownFileType = sourcecode.c.objc; path = main.m; sourceTree = "<group>"; };
		F3FBE93514D79B2800CF86BA /* MyTask-Prefix.pch */ = {isa = PBXFileReference; lastKnownFileType = sourcecode.c.h; path = "MyTask-Prefix.pch"; sourceTree = "<group>"; };
		F3FBE93614D79B2800CF86BA /* AppDelegate.h */ = {isa = PBXFileReference; lastKnownFileType = sourcecode.c.h; path = AppDelegate.h; sourceTree = "<group>"; };
		F3FBE93714D79B2800CF86BA /* AppDelegate.m */ = {isa = PBXFileReference; lastKnownFileType = sourcecode.c.objc; path = AppDelegate.m; sourceTree = "<group>"; };
		F3FBE93F14D79C4500CF86BA /* icon-72.png */ = {isa = PBXFileReference; lastKnownFileType = image.png; path = "icon-72.png"; sourceTree = "<group>"; };
		F3FBE94014D79C4500CF86BA /* icon.png */ = {isa = PBXFileReference; lastKnownFileType = image.png; path = icon.png; sourceTree = "<group>"; };
		F3FBE94114D79C4500CF86BA /* icon@2x.png */ = {isa = PBXFileReference; lastKnownFileType = image.png; path = "icon@2x.png"; sourceTree = "<group>"; };
		F3FBE94214D79C4500CF86BA /* Default.png */ = {isa = PBXFileReference; lastKnownFileType = image.png; path = Default.png; sourceTree = "<group>"; };
		F3FBE94314D79C4500CF86BA /* Default@2x.png */ = {isa = PBXFileReference; lastKnownFileType = image.png; path = "Default@2x.png"; sourceTree = "<group>"; };
		F3FBE94914D7D3D200CF86BA /* AuthenticationController.h */ = {isa = PBXFileReference; fileEncoding = 4; lastKnownFileType = sourcecode.c.h; path = AuthenticationController.h; sourceTree = "<group>"; };
		F3FBE94A14D7D3D200CF86BA /* AuthenticationController.m */ = {isa = PBXFileReference; fileEncoding = 4; lastKnownFileType = sourcecode.c.objc; path = AuthenticationController.m; sourceTree = "<group>"; };
		F3FBE94B14D7D3D200CF86BA /* AuthenticationController.xib */ = {isa = PBXFileReference; fileEncoding = 4; lastKnownFileType = file.xib; path = AuthenticationController.xib; sourceTree = "<group>"; };
		F3FBE95214D7DA3D00CF86BA /* logo.png */ = {isa = PBXFileReference; lastKnownFileType = image.png; path = logo.png; sourceTree = "<group>"; };
/* End PBXFileReference section */

/* Begin PBXFrameworksBuildPhase section */
		F3FBE92014D79B2800CF86BA /* Frameworks */ = {
			isa = PBXFrameworksBuildPhase;
			buildActionMask = 2147483647;
			files = (
				F3FBE92814D79B2800CF86BA /* UIKit.framework in Frameworks */,
				F3FBE92A14D79B2800CF86BA /* Foundation.framework in Frameworks */,
				F3FBE92C14D79B2800CF86BA /* CoreGraphics.framework in Frameworks */,
			);
			runOnlyForDeploymentPostprocessing = 0;
		};
/* End PBXFrameworksBuildPhase section */

/* Begin PBXGroup section */
		F3FBE91814D79B2800CF86BA = {
			isa = PBXGroup;
			children = (
				F3FBE93E14D79C2800CF86BA /* Resource */,
				F3FBE92D14D79B2800CF86BA /* MyTask */,
				F3FBE92614D79B2800CF86BA /* Frameworks */,
				F3FBE92414D79B2800CF86BA /* Products */,
			);
			sourceTree = "<group>";
		};
		F3FBE92414D79B2800CF86BA /* Products */ = {
			isa = PBXGroup;
			children = (
				F3FBE92314D79B2800CF86BA /* MyTask.app */,
			);
			name = Products;
			sourceTree = "<group>";
		};
		F3FBE92614D79B2800CF86BA /* Frameworks */ = {
			isa = PBXGroup;
			children = (
				2CAE5BFC14ED36B40041D5B5 /* AddressBookUI.framework */,
				2CB81B5A14E23B6600BA77C0 /* libsqlite3.0.dylib */,
				F3FBE92714D79B2800CF86BA /* UIKit.framework */,
				F3FBE92914D79B2800CF86BA /* Foundation.framework */,
				F3FBE92B14D79B2800CF86BA /* CoreGraphics.framework */,
			);
			name = Frameworks;
			sourceTree = "<group>";
		};
		F3FBE92D14D79B2800CF86BA /* MyTask */ = {
			isa = PBXGroup;
			children = (
				F3FBE97414DA829400CF86BA /* main */,
				F3FBE95114D7D45000CF86BA /* auth */,
				F3FBE92E14D79B2800CF86BA /* Supporting Files */,
			);
			path = MyTask;
			sourceTree = "<group>";
		};
		F3FBE92E14D79B2800CF86BA /* Supporting Files */ = {
			isa = PBXGroup;
			children = (
				F3FBE92F14D79B2800CF86BA /* MyTask-Info.plist */,
				F3FBE93014D79B2800CF86BA /* InfoPlist.strings */,
				F3FBE93314D79B2800CF86BA /* main.m */,
				F3FBE93514D79B2800CF86BA /* MyTask-Prefix.pch */,
			);
			name = "Supporting Files";
			sourceTree = "<group>";
		};
		F3FBE93E14D79C2800CF86BA /* Resource */ = {
			isa = PBXGroup;
			children = (
				F3FBE93F14D79C4500CF86BA /* icon-72.png */,
				F3FBE94014D79C4500CF86BA /* icon.png */,
				F3FBE94114D79C4500CF86BA /* icon@2x.png */,
				F3FBE94214D79C4500CF86BA /* Default.png */,
				F3FBE94314D79C4500CF86BA /* Default@2x.png */,
			);
			name = Resource;
			sourceTree = "<group>";
		};
		F3FBE95114D7D45000CF86BA /* auth */ = {
			isa = PBXGroup;
			children = (
				F3FBE95214D7DA3D00CF86BA /* logo.png */,
				F3FBE94914D7D3D200CF86BA /* AuthenticationController.h */,
				F3FBE94A14D7D3D200CF86BA /* AuthenticationController.m */,
				F3FBE94B14D7D3D200CF86BA /* AuthenticationController.xib */,
			);
			name = auth;
			sourceTree = "<group>";
		};
		F3FBE97414DA829400CF86BA /* main */ = {
			isa = PBXGroup;
			children = (
				F3FBE93614D79B2800CF86BA /* AppDelegate.h */,
				F3FBE93714D79B2800CF86BA /* AppDelegate.m */,
			);
			name = main;
			sourceTree = "<group>";
		};
/* End PBXGroup section */

/* Begin PBXNativeTarget section */
		F3FBE92214D79B2800CF86BA /* MyTask */ = {
			isa = PBXNativeTarget;
			buildConfigurationList = F3FBE93B14D79B2800CF86BA /* Build configuration list for PBXNativeTarget "MyTask" */;
			buildPhases = (
				F3FBE91F14D79B2800CF86BA /* Sources */,
				F3FBE92014D79B2800CF86BA /* Frameworks */,
				F3FBE92114D79B2800CF86BA /* Resources */,
			);
			buildRules = (
			);
			dependencies = (
			);
			name = MyTask;
			productName = MyTask;
			productReference = F3FBE92314D79B2800CF86BA /* MyTask.app */;
			productType = "com.apple.product-type.application";
		};
/* End PBXNativeTarget section */

/* Begin PBXProject section */
		F3FBE91A14D79B2800CF86BA /* Project object */ = {
			isa = PBXProject;
			attributes = {
				LastUpgradeCheck = 0420;
			};
			buildConfigurationList = F3FBE91D14D79B2800CF86BA /* Build configuration list for PBXProject "MyTask" */;
			compatibilityVersion = "Xcode 3.2";
			developmentRegion = English;
			hasScannedForEncodings = 0;
			knownRegions = (
				en,
				"zh-Hans",
			);
			mainGroup = F3FBE91814D79B2800CF86BA;
			productRefGroup = F3FBE92414D79B2800CF86BA /* Products */;
			projectDirPath = "";
			projectRoot = "";
			targets = (
				F3FBE92214D79B2800CF86BA /* MyTask */,
			);
		};
/* End PBXProject section */

/* Begin PBXResourcesBuildPhase section */
		F3FBE92114D79B2800CF86BA /* Resources */ = {
			isa = PBXResourcesBuildPhase;
			buildActionMask = 2147483647;
			files = (
				F3FBE93214D79B2800CF86BA /* InfoPlist.strings in Resources */,
				F3FBE94414D79C4500CF86BA /* icon-72.png in Resources */,
				F3FBE94514D79C4500CF86BA /* icon.png in Resources */,
				F3FBE94614D79C4500CF86BA /* icon@2x.png in Resources */,
				F3FBE94714D79C4500CF86BA /* Default.png in Resources */,
				F3FBE94814D79C4500CF86BA /* Default@2x.png in Resources */,
				F3FBE94D14D7D3D200CF86BA /* AuthenticationController.xib in Resources */,
				F3FBE95314D7DA3D00CF86BA /* logo.png in Resources */,
			);
			runOnlyForDeploymentPostprocessing = 0;
		};
/* End PBXResourcesBuildPhase section */

/* Begin PBXSourcesBuildPhase section */
		F3FBE91F14D79B2800CF86BA /* Sources */ = {
			isa = PBXSourcesBuildPhase;
			buildActionMask = 2147483647;
			files = (
				F3FBE93414D79B2800CF86BA /* main.m in Sources */,
				F3FBE93814D79B2800CF86BA /* AppDelegate.m in Sources */,
				F3FBE94C14D7D3D200CF86BA /* AuthenticationController.m in Sources */,
			);
			runOnlyForDeploymentPostprocessing = 0;
		};
/* End PBXSourcesBuildPhase section */

/* Begin PBXVariantGroup section */
		F3FBE93014D79B2800CF86BA /* InfoPlist.strings */ = {
			isa = PBXVariantGroup;
			children = (
				F3FBE93114D79B2800CF86BA /* en */,
			);
			name = InfoPlist.strings;
			sourceTree = "<group>";
		};
/* End PBXVariantGroup section */

/* Begin XCBuildConfiguration section */
		F3FBE93914D79B2800CF86BA /* Debug */ = {
			isa = XCBuildConfiguration;
			buildSettings = {
				ALWAYS_SEARCH_USER_PATHS = NO;
				ARCHS = "$(ARCHS_STANDARD_32_BIT)";
				CLANG_ENABLE_OBJC_ARC = YES;
				"CODE_SIGN_IDENTITY[sdk=iphoneos*]" = "iPhone Developer: xiao ran (TE8FBG5AHZ)";
				COPY_PHASE_STRIP = NO;
				GCC_C_LANGUAGE_STANDARD = gnu99;
				GCC_DYNAMIC_NO_PIC = NO;
				GCC_OPTIMIZATION_LEVEL = 0;
				GCC_PREPROCESSOR_DEFINITIONS = (
					"DEBUG=1",
					"$(inherited)",
				);
				GCC_SYMBOLS_PRIVATE_EXTERN = NO;
				GCC_VERSION = com.apple.compilers.llvm.clang.1_0;
				GCC_WARN_ABOUT_MISSING_PROTOTYPES = YES;
				GCC_WARN_ABOUT_RETURN_TYPE = YES;
				GCC_WARN_UNUSED_VARIABLE = YES;
				IPHONEOS_DEPLOYMENT_TARGET = 5.0;
				"PROVISIONING_PROFILE[sdk=iphoneos*]" = "6C5571EA-EEC1-4C8F-BB49-ED4E1C5BBAEA";
				SDKROOT = iphoneos;
			};
			name = Debug;
		};
		F3FBE93A14D79B2800CF86BA /* Release */ = {
			isa = XCBuildConfiguration;
			buildSettings = {
				ALWAYS_SEARCH_USER_PATHS = NO;
				ARCHS = "$(ARCHS_STANDARD_32_BIT)";
				CLANG_ENABLE_OBJC_ARC = YES;
				"CODE_SIGN_IDENTITY[sdk=iphoneos*]" = "iPhone Developer: xiao ran (TE8FBG5AHZ)";
				COPY_PHASE_STRIP = YES;
				GCC_C_LANGUAGE_STANDARD = gnu99;
				GCC_VERSION = com.apple.compilers.llvm.clang.1_0;
				GCC_WARN_ABOUT_MISSING_PROTOTYPES = YES;
				GCC_WARN_ABOUT_RETURN_TYPE = YES;
				GCC_WARN_UNUSED_VARIABLE = YES;
				IPHONEOS_DEPLOYMENT_TARGET = 5.0;
				OTHER_CFLAGS = "-DNS_BLOCK_ASSERTIONS=1";
				"PROVISIONING_PROFILE[sdk=iphoneos*]" = "6C5571EA-EEC1-4C8F-BB49-ED4E1C5BBAEA";
				SDKROOT = iphoneos;
				VALIDATE_PRODUCT = YES;
			};
			name = Release;
		};
		F3FBE93C14D79B2800CF86BA /* Debug */ = {
			isa = XCBuildConfiguration;
			buildSettings = {
				"CODE_SIGN_IDENTITY[sdk=iphoneos*]" = "iPhone Developer: xiao ran (TE8FBG5AHZ)";
				GCC_PRECOMPILE_PREFIX_HEADER = YES;
				GCC_PREFIX_HEADER = "MyTask/MyTask-Prefix.pch";
				INFOPLIST_FILE = "MyTask/MyTask-Info.plist";
				IPHONEOS_DEPLOYMENT_TARGET = 5.0;
				PRODUCT_NAME = "$(TARGET_NAME)";
				"PROVISIONING_PROFILE[sdk=iphoneos*]" = "6C5571EA-EEC1-4C8F-BB49-ED4E1C5BBAEA";
				WRAPPER_EXTENSION = app;
			};
			name = Debug;
		};
		F3FBE93D14D79B2800CF86BA /* Release */ = {
			isa = XCBuildConfiguration;
			buildSettings = {
				"CODE_SIGN_IDENTITY[sdk=iphoneos*]" = "iPhone Developer: xiao ran (TE8FBG5AHZ)";
				GCC_PRECOMPILE_PREFIX_HEADER = YES;
				GCC_PREFIX_HEADER = "MyTask/MyTask-Prefix.pch";
				INFOPLIST_FILE = "MyTask/MyTask-Info.plist";
				IPHONEOS_DEPLOYMENT_TARGET = 5.0;
				PRODUCT_NAME = "$(TARGET_NAME)";
				"PROVISIONING_PROFILE[sdk=iphoneos*]" = "6C5571EA-EEC1-4C8F-BB49-ED4E1C5BBAEA";
				WRAPPER_EXTENSION = app;
			};
			name = Release;
		};
/* End XCBuildConfiguration section */

/* Begin XCConfigurationList section */
		F3FBE91D14D79B2800CF86BA /* Build configuration list for PBXProject "MyTask" */ = {
			isa = XCConfigurationList;
			buildConfigurations = (
				F3FBE93914D79B2800CF86BA /* Debug */,
				F3FBE93A14D79B2800CF86BA /* Release */,
			);
			defaultConfigurationIsVisible = 0;
			defaultConfigurationName = Release;
		};
		F3FBE93B14D79B2800CF86BA /* Build configuration list for PBXNativeTarget "MyTask" */ = {
			isa = XCConfigurationList;
			buildConfigurations = (
				F3FBE93C14D79B2800CF86BA /* Debug */,
				F3FBE93D14D79B2800CF86BA /* Release */,
			);
			defaultConfigurationIsVisible = 0;
			defaultConfigurationName = Release;
		};
/* End XCConfigurationList section */
	};
	rootObject = F3FBE91A14D79B2800CF86BA /* Project object */;
}
