// !$*UTF8*$!
{
	archiveVersion = 1;
	classes = {
	};
	objectVersion = 46;
	objects = {

/* Begin PBXBuildFile section */
		2C02950214F23F7900978AD9 /* colleague.sqlite in Resources */ = {isa = PBXBuildFile; fileRef = 2C02950114F23F7900978AD9 /* colleague.sqlite */; };
		2C34F24514F20CED0089B39E /* calendar.html in Resources */ = {isa = PBXBuildFile; fileRef = 2C34F24414F20CED0089B39E /* calendar.html */; };
		2C34F24B14F210F60089B39E /* CalendarController.m in Sources */ = {isa = PBXBuildFile; fileRef = 2C34F24914F210F60089B39E /* CalendarController.m */; };
		2C34F24C14F210F60089B39E /* CalendarController.xib in Resources */ = {isa = PBXBuildFile; fileRef = 2C34F24A14F210F60089B39E /* CalendarController.xib */; };
		2C56045914F103F700F6FDFC /* TaskDetailTableViewCell.m in Sources */ = {isa = PBXBuildFile; fileRef = 2C56045714F103F700F6FDFC /* TaskDetailTableViewCell.m */; };
		2C56045A14F103F700F6FDFC /* TaskDetailTableViewCell.xib in Resources */ = {isa = PBXBuildFile; fileRef = 2C56045814F103F700F6FDFC /* TaskDetailTableViewCell.xib */; };
		2C56046A14F1055100F6FDFC /* TaskController.m in Sources */ = {isa = PBXBuildFile; fileRef = 2C56046814F1055100F6FDFC /* TaskController.m */; };
		2C56046B14F1055100F6FDFC /* TaskController.xib in Resources */ = {isa = PBXBuildFile; fileRef = 2C56046914F1055100F6FDFC /* TaskController.xib */; };
		2C56047714F105C400F6FDFC /* TaskDetailTableView.m in Sources */ = {isa = PBXBuildFile; fileRef = 2C56047514F105C400F6FDFC /* TaskDetailTableView.m */; };
		2C5604C214F13AB100F6FDFC /* HttpRequest.m in Sources */ = {isa = PBXBuildFile; fileRef = 2C5604C114F13AB100F6FDFC /* HttpRequest.m */; };
		2C5604CF14F13BE100F6FDFC /* ColleagueTableViewCell.m in Sources */ = {isa = PBXBuildFile; fileRef = 2C5604CD14F13BE100F6FDFC /* ColleagueTableViewCell.m */; };
		2C5604D014F13BE100F6FDFC /* ColleagueTableViewCell.xib in Resources */ = {isa = PBXBuildFile; fileRef = 2C5604CE14F13BE100F6FDFC /* ColleagueTableViewCell.xib */; };
		2C5604DD14F13DE300F6FDFC /* SearchResultController.m in Sources */ = {isa = PBXBuildFile; fileRef = 2C5604DB14F13DE300F6FDFC /* SearchResultController.m */; };
		2C5604DE14F13DE300F6FDFC /* SearchResultController.xib in Resources */ = {isa = PBXBuildFile; fileRef = 2C5604DC14F13DE300F6FDFC /* SearchResultController.xib */; };
		2C5604F014F13E6B00F6FDFC /* FavoritesController.m in Sources */ = {isa = PBXBuildFile; fileRef = 2C5604EE14F13E6B00F6FDFC /* FavoritesController.m */; };
		2C5604F114F13E6B00F6FDFC /* FavoritesController.xib in Resources */ = {isa = PBXBuildFile; fileRef = 2C5604EF14F13E6B00F6FDFC /* FavoritesController.xib */; };
		2C5604F414F13E7800F6FDFC /* FavoritesData.m in Sources */ = {isa = PBXBuildFile; fileRef = 2C5604F314F13E7800F6FDFC /* FavoritesData.m */; };
		2C56050A14F1405B00F6FDFC /* DataManager.m in Sources */ = {isa = PBXBuildFile; fileRef = 2C56050914F1405B00F6FDFC /* DataManager.m */; };
		2C56051314F140CF00F6FDFC /* AddFavoritesController.m in Sources */ = {isa = PBXBuildFile; fileRef = 2C56051114F140CF00F6FDFC /* AddFavoritesController.m */; };
		2C56051414F140CF00F6FDFC /* AddFavoritesController.xib in Resources */ = {isa = PBXBuildFile; fileRef = 2C56051214F140CF00F6FDFC /* AddFavoritesController.xib */; };
		2C56051814F140F800F6FDFC /* pinyin.c in Sources */ = {isa = PBXBuildFile; fileRef = 2C56051614F140F800F6FDFC /* pinyin.c */; };
		2C56051E14F1416C00F6FDFC /* home.png in Resources */ = {isa = PBXBuildFile; fileRef = 2C56051D14F1416C00F6FDFC /* home.png */; };
		2C56052B14F1425600F6FDFC /* activity_gray.png in Resources */ = {isa = PBXBuildFile; fileRef = 2C56052A14F1425600F6FDFC /* activity_gray.png */; };
		2C56052E14F1426200F6FDFC /* collaborators_gray.png in Resources */ = {isa = PBXBuildFile; fileRef = 2C56052D14F1426200F6FDFC /* collaborators_gray.png */; };
		2C56053014F1426D00F6FDFC /* favorites_gray.png in Resources */ = {isa = PBXBuildFile; fileRef = 2C56052F14F1426D00F6FDFC /* favorites_gray.png */; };
		2C56053814F142D800F6FDFC /* search_gray.png in Resources */ = {isa = PBXBuildFile; fileRef = 2C56053714F142D800F6FDFC /* search_gray.png */; };
		2C56054814F1436C00F6FDFC /* mytask.plist in Resources */ = {isa = PBXBuildFile; fileRef = 2C56054714F1436C00F6FDFC /* mytask.plist */; };
		2C56055014F143F000F6FDFC /* colleague.plist in Resources */ = {isa = PBXBuildFile; fileRef = 2C56054F14F143F000F6FDFC /* colleague.plist */; };
		2C56055D14F1454300F6FDFC /* HomeController.m in Sources */ = {isa = PBXBuildFile; fileRef = 2C56055B14F1454300F6FDFC /* HomeController.m */; };
		2C56055E14F1454300F6FDFC /* HomeController.xib in Resources */ = {isa = PBXBuildFile; fileRef = 2C56055C14F1454300F6FDFC /* HomeController.xib */; };
		2C5605A114F1ECC800F6FDFC /* AboutController.m in Sources */ = {isa = PBXBuildFile; fileRef = 2C56059F14F1ECC800F6FDFC /* AboutController.m */; };
		2C5605A214F1ECC800F6FDFC /* AboutController.xib in Resources */ = {isa = PBXBuildFile; fileRef = 2C5605A014F1ECC800F6FDFC /* AboutController.xib */; };
		2C61DC8214EBAE8E00F50200 /* ColleagueController.xib in Resources */ = {isa = PBXBuildFile; fileRef = 2C61DC7C14EBAE8E00F50200 /* ColleagueController.xib */; };
		2C61DC8314EBAE8E00F50200 /* ColleagueController.m in Sources */ = {isa = PBXBuildFile; fileRef = 2C61DC7D14EBAE8E00F50200 /* ColleagueController.m */; };
		2C61DC8914EBB3D900F50200 /* SettingViewController.m in Sources */ = {isa = PBXBuildFile; fileRef = 2C61DC8714EBB3D900F50200 /* SettingViewController.m */; };
		2C61DC8A14EBB3D900F50200 /* SettingViewController.xib in Resources */ = {isa = PBXBuildFile; fileRef = 2C61DC8814EBB3D900F50200 /* SettingViewController.xib */; };
		2C61DC9714EBF63800F50200 /* SearchController.xib in Resources */ = {isa = PBXBuildFile; fileRef = 2C61DC9914EBF63800F50200 /* SearchController.xib */; };
		2C61DC9A14EBF63F00F50200 /* SearchController.m in Sources */ = {isa = PBXBuildFile; fileRef = 2C61DC9C14EBF63F00F50200 /* SearchController.m */; };
		2C9BB3D814F0E84900290A3C /* sullivan.png in Resources */ = {isa = PBXBuildFile; fileRef = 2C9BB3CE14F0E84900290A3C /* sullivan.png */; };
		2CAE5BFF14ED36CE0041D5B5 /* AddressBookUI.framework in Frameworks */ = {isa = PBXBuildFile; fileRef = 2CAE5BFC14ED36B40041D5B5 /* AddressBookUI.framework */; };
		2CB81B5B14E23B6600BA77C0 /* libsqlite3.0.dylib in Frameworks */ = {isa = PBXBuildFile; fileRef = 2CB81B5A14E23B6600BA77C0 /* libsqlite3.0.dylib */; };
		2CDAE8DD14E2517E0092DD10 /* ActivityTableViewCell.m in Sources */ = {isa = PBXBuildFile; fileRef = 2CDAE8DC14E2517E0092DD10 /* ActivityTableViewCell.m */; };
		2CDAE8DF14E2518B0092DD10 /* ActivityTableViewCell.xib in Resources */ = {isa = PBXBuildFile; fileRef = 2CDAE8DE14E2518B0092DD10 /* ActivityTableViewCell.xib */; };
		2CDAE8E514E253460092DD10 /* posted_small.png in Resources */ = {isa = PBXBuildFile; fileRef = 2CDAE8E414E253460092DD10 /* posted_small.png */; };
		2CDAE8E714E2535C0092DD10 /* task_small.png in Resources */ = {isa = PBXBuildFile; fileRef = 2CDAE8E614E2535C0092DD10 /* task_small.png */; };
		2CDB714714F228CF00C50625 /* OperationalDatabase.m in Sources */ = {isa = PBXBuildFile; fileRef = 2CDB714614F228CE00C50625 /* OperationalDatabase.m */; };
		2CDB715114F2353900C50625 /* user_default.png in Resources */ = {isa = PBXBuildFile; fileRef = 2CDB715014F2353900C50625 /* user_default.png */; };
		F3FBE92814D79B2800CF86BA /* UIKit.framework in Frameworks */ = {isa = PBXBuildFile; fileRef = F3FBE92714D79B2800CF86BA /* UIKit.framework */; };
		F3FBE92A14D79B2800CF86BA /* Foundation.framework in Frameworks */ = {isa = PBXBuildFile; fileRef = F3FBE92914D79B2800CF86BA /* Foundation.framework */; };
		F3FBE92C14D79B2800CF86BA /* CoreGraphics.framework in Frameworks */ = {isa = PBXBuildFile; fileRef = F3FBE92B14D79B2800CF86BA /* CoreGraphics.framework */; };
		F3FBE93214D79B2800CF86BA /* InfoPlist.strings in Resources */ = {isa = PBXBuildFile; fileRef = F3FBE93014D79B2800CF86BA /* InfoPlist.strings */; };
		F3FBE93414D79B2800CF86BA /* main.m in Sources */ = {isa = PBXBuildFile; fileRef = F3FBE93314D79B2800CF86BA /* main.m */; };
		F3FBE93814D79B2800CF86BA /* AppDelegate.m in Sources */ = {isa = PBXBuildFile; fileRef = F3FBE93714D79B2800CF86BA /* AppDelegate.m */; };
		F3FBE94414D79C4500CF86BA /* icon-72.png in Resources */ = {isa = PBXBuildFile; fileRef = F3FBE93F14D79C4500CF86BA /* icon-72.png */; };
		F3FBE94514D79C4500CF86BA /* icon.png in Resources */ = {isa = PBXBuildFile; fileRef = F3FBE94014D79C4500CF86BA /* icon.png */; };
		F3FBE94614D79C4500CF86BA /* icon@2x.png in Resources */ = {isa = PBXBuildFile; fileRef = F3FBE94114D79C4500CF86BA /* icon@2x.png */; };
		F3FBE94714D79C4500CF86BA /* Default.png in Resources */ = {isa = PBXBuildFile; fileRef = F3FBE94214D79C4500CF86BA /* Default.png */; };
		F3FBE94814D79C4500CF86BA /* Default@2x.png in Resources */ = {isa = PBXBuildFile; fileRef = F3FBE94314D79C4500CF86BA /* Default@2x.png */; };
		F3FBE94C14D7D3D200CF86BA /* AuthenticationController.m in Sources */ = {isa = PBXBuildFile; fileRef = F3FBE94A14D7D3D200CF86BA /* AuthenticationController.m */; };
		F3FBE94D14D7D3D200CF86BA /* AuthenticationController.xib in Resources */ = {isa = PBXBuildFile; fileRef = F3FBE94B14D7D3D200CF86BA /* AuthenticationController.xib */; };
		F3FBE95314D7DA3D00CF86BA /* logo.png in Resources */ = {isa = PBXBuildFile; fileRef = F3FBE95214D7DA3D00CF86BA /* logo.png */; };
		F3FBE9D514DAE1CA00CF86BA /* ActivityController.m in Sources */ = {isa = PBXBuildFile; fileRef = F3FBE9D314DAE1CA00CF86BA /* ActivityController.m */; };
		F3FBE9D614DAE1CA00CF86BA /* ActivityController.xib in Resources */ = {isa = PBXBuildFile; fileRef = F3FBE9D414DAE1CA00CF86BA /* ActivityController.xib */; };
/* End PBXBuildFile section */

/* Begin PBXFileReference section */
		2C02950114F23F7900978AD9 /* colleague.sqlite */ = {isa = PBXFileReference; lastKnownFileType = file; path = colleague.sqlite; sourceTree = "<group>"; };
		2C34F24414F20CED0089B39E /* calendar.html */ = {isa = PBXFileReference; fileEncoding = 4; lastKnownFileType = text.html; path = calendar.html; sourceTree = "<group>"; };
		2C34F24814F210F60089B39E /* CalendarController.h */ = {isa = PBXFileReference; fileEncoding = 4; lastKnownFileType = sourcecode.c.h; path = CalendarController.h; sourceTree = "<group>"; };
		2C34F24914F210F60089B39E /* CalendarController.m */ = {isa = PBXFileReference; fileEncoding = 4; lastKnownFileType = sourcecode.c.objc; path = CalendarController.m; sourceTree = "<group>"; };
		2C34F24A14F210F60089B39E /* CalendarController.xib */ = {isa = PBXFileReference; fileEncoding = 4; lastKnownFileType = file.xib; path = CalendarController.xib; sourceTree = "<group>"; };
		2C56045614F103F700F6FDFC /* TaskDetailTableViewCell.h */ = {isa = PBXFileReference; fileEncoding = 4; lastKnownFileType = sourcecode.c.h; path = TaskDetailTableViewCell.h; sourceTree = "<group>"; };
		2C56045714F103F700F6FDFC /* TaskDetailTableViewCell.m */ = {isa = PBXFileReference; fileEncoding = 4; lastKnownFileType = sourcecode.c.objc; path = TaskDetailTableViewCell.m; sourceTree = "<group>"; };
		2C56045814F103F700F6FDFC /* TaskDetailTableViewCell.xib */ = {isa = PBXFileReference; fileEncoding = 4; lastKnownFileType = file.xib; path = TaskDetailTableViewCell.xib; sourceTree = "<group>"; };
		2C56046714F1055100F6FDFC /* TaskController.h */ = {isa = PBXFileReference; fileEncoding = 4; lastKnownFileType = sourcecode.c.h; path = TaskController.h; sourceTree = "<group>"; };
		2C56046814F1055100F6FDFC /* TaskController.m */ = {isa = PBXFileReference; fileEncoding = 4; lastKnownFileType = sourcecode.c.objc; path = TaskController.m; sourceTree = "<group>"; };
		2C56046914F1055100F6FDFC /* TaskController.xib */ = {isa = PBXFileReference; fileEncoding = 4; lastKnownFileType = file.xib; path = TaskController.xib; sourceTree = "<group>"; };
		2C56047514F105C400F6FDFC /* TaskDetailTableView.m */ = {isa = PBXFileReference; fileEncoding = 4; lastKnownFileType = sourcecode.c.objc; path = TaskDetailTableView.m; sourceTree = "<group>"; };
		2C56047614F105C400F6FDFC /* TaskDetailTableView.h */ = {isa = PBXFileReference; fileEncoding = 4; lastKnownFileType = sourcecode.c.h; path = TaskDetailTableView.h; sourceTree = "<group>"; };
		2C5604C014F13AB100F6FDFC /* HttpRequest.h */ = {isa = PBXFileReference; fileEncoding = 4; lastKnownFileType = sourcecode.c.h; path = HttpRequest.h; sourceTree = "<group>"; };
		2C5604C114F13AB100F6FDFC /* HttpRequest.m */ = {isa = PBXFileReference; fileEncoding = 4; lastKnownFileType = sourcecode.c.objc; path = HttpRequest.m; sourceTree = "<group>"; };
		2C5604CC14F13BE100F6FDFC /* ColleagueTableViewCell.h */ = {isa = PBXFileReference; fileEncoding = 4; lastKnownFileType = sourcecode.c.h; path = ColleagueTableViewCell.h; sourceTree = "<group>"; };
		2C5604CD14F13BE100F6FDFC /* ColleagueTableViewCell.m */ = {isa = PBXFileReference; fileEncoding = 4; lastKnownFileType = sourcecode.c.objc; path = ColleagueTableViewCell.m; sourceTree = "<group>"; };
		2C5604CE14F13BE100F6FDFC /* ColleagueTableViewCell.xib */ = {isa = PBXFileReference; fileEncoding = 4; lastKnownFileType = file.xib; path = ColleagueTableViewCell.xib; sourceTree = "<group>"; };
		2C5604DA14F13DE300F6FDFC /* SearchResultController.h */ = {isa = PBXFileReference; fileEncoding = 4; lastKnownFileType = sourcecode.c.h; path = SearchResultController.h; sourceTree = "<group>"; };
		2C5604DB14F13DE300F6FDFC /* SearchResultController.m */ = {isa = PBXFileReference; fileEncoding = 4; lastKnownFileType = sourcecode.c.objc; path = SearchResultController.m; sourceTree = "<group>"; };
		2C5604DC14F13DE300F6FDFC /* SearchResultController.xib */ = {isa = PBXFileReference; fileEncoding = 4; lastKnownFileType = file.xib; path = SearchResultController.xib; sourceTree = "<group>"; };
		2C5604ED14F13E6B00F6FDFC /* FavoritesController.h */ = {isa = PBXFileReference; fileEncoding = 4; lastKnownFileType = sourcecode.c.h; path = FavoritesController.h; sourceTree = "<group>"; };
		2C5604EE14F13E6B00F6FDFC /* FavoritesController.m */ = {isa = PBXFileReference; fileEncoding = 4; lastKnownFileType = sourcecode.c.objc; path = FavoritesController.m; sourceTree = "<group>"; };
		2C5604EF14F13E6B00F6FDFC /* FavoritesController.xib */ = {isa = PBXFileReference; fileEncoding = 4; lastKnownFileType = file.xib; path = FavoritesController.xib; sourceTree = "<group>"; };
		2C5604F214F13E7800F6FDFC /* FavoritesData.h */ = {isa = PBXFileReference; fileEncoding = 4; lastKnownFileType = sourcecode.c.h; path = FavoritesData.h; sourceTree = "<group>"; };
		2C5604F314F13E7800F6FDFC /* FavoritesData.m */ = {isa = PBXFileReference; fileEncoding = 4; lastKnownFileType = sourcecode.c.objc; path = FavoritesData.m; sourceTree = "<group>"; };
		2C56050814F1405B00F6FDFC /* DataManager.h */ = {isa = PBXFileReference; fileEncoding = 4; lastKnownFileType = sourcecode.c.h; path = DataManager.h; sourceTree = "<group>"; };
		2C56050914F1405B00F6FDFC /* DataManager.m */ = {isa = PBXFileReference; fileEncoding = 4; lastKnownFileType = sourcecode.c.objc; path = DataManager.m; sourceTree = "<group>"; };
		2C56051014F140CF00F6FDFC /* AddFavoritesController.h */ = {isa = PBXFileReference; fileEncoding = 4; lastKnownFileType = sourcecode.c.h; path = AddFavoritesController.h; sourceTree = "<group>"; };
		2C56051114F140CF00F6FDFC /* AddFavoritesController.m */ = {isa = PBXFileReference; fileEncoding = 4; lastKnownFileType = sourcecode.c.objc; path = AddFavoritesController.m; sourceTree = "<group>"; };
		2C56051214F140CF00F6FDFC /* AddFavoritesController.xib */ = {isa = PBXFileReference; fileEncoding = 4; lastKnownFileType = file.xib; path = AddFavoritesController.xib; sourceTree = "<group>"; };
		2C56051614F140F800F6FDFC /* pinyin.c */ = {isa = PBXFileReference; fileEncoding = 4; lastKnownFileType = sourcecode.c.c; path = pinyin.c; sourceTree = "<group>"; };
		2C56051714F140F800F6FDFC /* pinyin.h */ = {isa = PBXFileReference; fileEncoding = 4; lastKnownFileType = sourcecode.c.h; path = pinyin.h; sourceTree = "<group>"; };
		2C56051D14F1416C00F6FDFC /* home.png */ = {isa = PBXFileReference; lastKnownFileType = image.png; path = home.png; sourceTree = "<group>"; };
		2C56052A14F1425600F6FDFC /* activity_gray.png */ = {isa = PBXFileReference; lastKnownFileType = image.png; path = activity_gray.png; sourceTree = "<group>"; };
		2C56052D14F1426200F6FDFC /* collaborators_gray.png */ = {isa = PBXFileReference; lastKnownFileType = image.png; path = collaborators_gray.png; sourceTree = "<group>"; };
		2C56052F14F1426D00F6FDFC /* favorites_gray.png */ = {isa = PBXFileReference; lastKnownFileType = image.png; path = favorites_gray.png; sourceTree = "<group>"; };
		2C56053714F142D800F6FDFC /* search_gray.png */ = {isa = PBXFileReference; lastKnownFileType = image.png; path = search_gray.png; sourceTree = "<group>"; };
		2C56054714F1436C00F6FDFC /* mytask.plist */ = {isa = PBXFileReference; fileEncoding = 4; lastKnownFileType = text.plist.xml; path = mytask.plist; sourceTree = "<group>"; };
		2C56054F14F143F000F6FDFC /* colleague.plist */ = {isa = PBXFileReference; fileEncoding = 4; lastKnownFileType = text.plist.xml; path = colleague.plist; sourceTree = "<group>"; };
		2C56055A14F1454300F6FDFC /* HomeController.h */ = {isa = PBXFileReference; fileEncoding = 4; lastKnownFileType = sourcecode.c.h; path = HomeController.h; sourceTree = "<group>"; };
		2C56055B14F1454300F6FDFC /* HomeController.m */ = {isa = PBXFileReference; fileEncoding = 4; lastKnownFileType = sourcecode.c.objc; path = HomeController.m; sourceTree = "<group>"; };
		2C56055C14F1454300F6FDFC /* HomeController.xib */ = {isa = PBXFileReference; fileEncoding = 4; lastKnownFileType = file.xib; path = HomeController.xib; sourceTree = "<group>"; };
		2C56059E14F1ECC800F6FDFC /* AboutController.h */ = {isa = PBXFileReference; fileEncoding = 4; lastKnownFileType = sourcecode.c.h; path = AboutController.h; sourceTree = "<group>"; };
		2C56059F14F1ECC800F6FDFC /* AboutController.m */ = {isa = PBXFileReference; fileEncoding = 4; lastKnownFileType = sourcecode.c.objc; path = AboutController.m; sourceTree = "<group>"; };
		2C5605A014F1ECC800F6FDFC /* AboutController.xib */ = {isa = PBXFileReference; fileEncoding = 4; lastKnownFileType = file.xib; path = AboutController.xib; sourceTree = "<group>"; };
		2C61DC7C14EBAE8E00F50200 /* ColleagueController.xib */ = {isa = PBXFileReference; fileEncoding = 4; lastKnownFileType = file.xib; path = ColleagueController.xib; sourceTree = "<group>"; };
		2C61DC7D14EBAE8E00F50200 /* ColleagueController.m */ = {isa = PBXFileReference; fileEncoding = 4; lastKnownFileType = sourcecode.c.objc; path = ColleagueController.m; sourceTree = "<group>"; };
		2C61DC7E14EBAE8E00F50200 /* ColleagueController.h */ = {isa = PBXFileReference; fileEncoding = 4; lastKnownFileType = sourcecode.c.h; path = ColleagueController.h; sourceTree = "<group>"; };
		2C61DC8614EBB3D900F50200 /* SettingViewController.h */ = {isa = PBXFileReference; fileEncoding = 4; lastKnownFileType = sourcecode.c.h; path = SettingViewController.h; sourceTree = "<group>"; };
		2C61DC8714EBB3D900F50200 /* SettingViewController.m */ = {isa = PBXFileReference; fileEncoding = 4; lastKnownFileType = sourcecode.c.objc; path = SettingViewController.m; sourceTree = "<group>"; };
		2C61DC8814EBB3D900F50200 /* SettingViewController.xib */ = {isa = PBXFileReference; fileEncoding = 4; lastKnownFileType = file.xib; path = SettingViewController.xib; sourceTree = "<group>"; };
		2C61DC9214EBD15300F50200 /* SearchController.h */ = {isa = PBXFileReference; fileEncoding = 4; lastKnownFileType = sourcecode.c.h; path = SearchController.h; sourceTree = "<group>"; };
		2C61DC9814EBF63800F50200 /* en */ = {isa = PBXFileReference; lastKnownFileType = file.xib; name = en; path = en.lproj/SearchController.xib; sourceTree = "<group>"; };
		2C61DC9B14EBF63F00F50200 /* en */ = {isa = PBXFileReference; lastKnownFileType = sourcecode.c.objc; name = en; path = en.lproj/SearchController.m; sourceTree = "<group>"; };
		2C61DCA314EBF67E00F50200 /* zh-Hans */ = {isa = PBXFileReference; lastKnownFileType = file.xib; name = "zh-Hans"; path = "zh-Hans.lproj/SearchController.xib"; sourceTree = "<group>"; };
		2C9BB3CE14F0E84900290A3C /* sullivan.png */ = {isa = PBXFileReference; lastKnownFileType = image.png; path = sullivan.png; sourceTree = "<group>"; };
		2CAE5BFC14ED36B40041D5B5 /* AddressBookUI.framework */ = {isa = PBXFileReference; lastKnownFileType = wrapper.framework; name = AddressBookUI.framework; path = System/Library/Frameworks/AddressBookUI.framework; sourceTree = SDKROOT; };
		2CB81B5A14E23B6600BA77C0 /* libsqlite3.0.dylib */ = {isa = PBXFileReference; lastKnownFileType = "compiled.mach-o.dylib"; name = libsqlite3.0.dylib; path = usr/lib/libsqlite3.0.dylib; sourceTree = SDKROOT; };
		2CDAE8DB14E2517E0092DD10 /* ActivityTableViewCell.h */ = {isa = PBXFileReference; fileEncoding = 4; lastKnownFileType = sourcecode.c.h; path = ActivityTableViewCell.h; sourceTree = "<group>"; };
		2CDAE8DC14E2517E0092DD10 /* ActivityTableViewCell.m */ = {isa = PBXFileReference; fileEncoding = 4; lastKnownFileType = sourcecode.c.objc; path = ActivityTableViewCell.m; sourceTree = "<group>"; };
		2CDAE8DE14E2518B0092DD10 /* ActivityTableViewCell.xib */ = {isa = PBXFileReference; fileEncoding = 4; lastKnownFileType = file.xib; path = ActivityTableViewCell.xib; sourceTree = "<group>"; };
		2CDAE8E414E253460092DD10 /* posted_small.png */ = {isa = PBXFileReference; lastKnownFileType = image.png; path = posted_small.png; sourceTree = "<group>"; };
		2CDAE8E614E2535C0092DD10 /* task_small.png */ = {isa = PBXFileReference; lastKnownFileType = image.png; path = task_small.png; sourceTree = "<group>"; };
		2CDB714414F228CE00C50625 /* SQL.h */ = {isa = PBXFileReference; fileEncoding = 4; lastKnownFileType = sourcecode.c.h; path = SQL.h; sourceTree = "<group>"; };
		2CDB714514F228CE00C50625 /* OperationalDatabase.h */ = {isa = PBXFileReference; fileEncoding = 4; lastKnownFileType = sourcecode.c.h; path = OperationalDatabase.h; sourceTree = "<group>"; };
		2CDB714614F228CE00C50625 /* OperationalDatabase.m */ = {isa = PBXFileReference; fileEncoding = 4; lastKnownFileType = sourcecode.c.objc; path = OperationalDatabase.m; sourceTree = "<group>"; };
		2CDB715014F2353900C50625 /* user_default.png */ = {isa = PBXFileReference; lastKnownFileType = image.png; path = user_default.png; sourceTree = "<group>"; };
		F3FBE92314D79B2800CF86BA /* MyTask.app */ = {isa = PBXFileReference; explicitFileType = wrapper.application; includeInIndex = 0; path = MyTask.app; sourceTree = BUILT_PRODUCTS_DIR; };
		F3FBE92714D79B2800CF86BA /* UIKit.framework */ = {isa = PBXFileReference; lastKnownFileType = wrapper.framework; name = UIKit.framework; path = System/Library/Frameworks/UIKit.framework; sourceTree = SDKROOT; };
		F3FBE92914D79B2800CF86BA /* Foundation.framework */ = {isa = PBXFileReference; lastKnownFileType = wrapper.framework; name = Foundation.framework; path = System/Library/Frameworks/Foundation.framework; sourceTree = SDKROOT; };
		F3FBE92B14D79B2800CF86BA /* CoreGraphics.framework */ = {isa = PBXFileReference; lastKnownFileType = wrapper.framework; name = CoreGraphics.framework; path = System/Library/Frameworks/CoreGraphics.framework; sourceTree = SDKROOT; };
		F3FBE92F14D79B2800CF86BA /* MyTask-Info.plist */ = {isa = PBXFileReference; lastKnownFileType = text.plist.xml; path = "MyTask-Info.plist"; sourceTree = "<group>"; };
		F3FBE93114D79B2800CF86BA /* en */ = {isa = PBXFileReference; lastKnownFileType = text.plist.strings; name = en; path = en.lproj/InfoPlist.strings; sourceTree = "<group>"; };
		F3FBE93314D79B2800CF86BA /* main.m */ = {isa = PBXFileReference; lastKnownFileType = sourcecode.c.objc; path = main.m; sourceTree = "<group>"; };
		F3FBE93514D79B2800CF86BA /* MyTask-Prefix.pch */ = {isa = PBXFileReference; lastKnownFileType = sourcecode.c.h; path = "MyTask-Prefix.pch"; sourceTree = "<group>"; };
		F3FBE93614D79B2800CF86BA /* AppDelegate.h */ = {isa = PBXFileReference; lastKnownFileType = sourcecode.c.h; path = AppDelegate.h; sourceTree = "<group>"; };
		F3FBE93714D79B2800CF86BA /* AppDelegate.m */ = {isa = PBXFileReference; lastKnownFileType = sourcecode.c.objc; path = AppDelegate.m; sourceTree = "<group>"; };
		F3FBE93F14D79C4500CF86BA /* icon-72.png */ = {isa = PBXFileReference; lastKnownFileType = image.png; path = "icon-72.png"; sourceTree = "<group>"; };
		F3FBE94014D79C4500CF86BA /* icon.png */ = {isa = PBXFileReference; lastKnownFileType = image.png; path = icon.png; sourceTree = "<group>"; };
		F3FBE94114D79C4500CF86BA /* icon@2x.png */ = {isa = PBXFileReference; lastKnownFileType = image.png; path = "icon@2x.png"; sourceTree = "<group>"; };
		F3FBE94214D79C4500CF86BA /* Default.png */ = {isa = PBXFileReference; lastKnownFileType = image.png; path = Default.png; sourceTree = "<group>"; };
		F3FBE94314D79C4500CF86BA /* Default@2x.png */ = {isa = PBXFileReference; lastKnownFileType = image.png; path = "Default@2x.png"; sourceTree = "<group>"; };
		F3FBE94914D7D3D200CF86BA /* AuthenticationController.h */ = {isa = PBXFileReference; fileEncoding = 4; lastKnownFileType = sourcecode.c.h; path = AuthenticationController.h; sourceTree = "<group>"; };
		F3FBE94A14D7D3D200CF86BA /* AuthenticationController.m */ = {isa = PBXFileReference; fileEncoding = 4; lastKnownFileType = sourcecode.c.objc; path = AuthenticationController.m; sourceTree = "<group>"; };
		F3FBE94B14D7D3D200CF86BA /* AuthenticationController.xib */ = {isa = PBXFileReference; fileEncoding = 4; lastKnownFileType = file.xib; path = AuthenticationController.xib; sourceTree = "<group>"; };
		F3FBE95214D7DA3D00CF86BA /* logo.png */ = {isa = PBXFileReference; lastKnownFileType = image.png; path = logo.png; sourceTree = "<group>"; };
		F3FBE9D214DAE1CA00CF86BA /* ActivityController.h */ = {isa = PBXFileReference; fileEncoding = 4; lastKnownFileType = sourcecode.c.h; path = ActivityController.h; sourceTree = "<group>"; };
		F3FBE9D314DAE1CA00CF86BA /* ActivityController.m */ = {isa = PBXFileReference; fileEncoding = 4; lastKnownFileType = sourcecode.c.objc; path = ActivityController.m; sourceTree = "<group>"; };
		F3FBE9D414DAE1CA00CF86BA /* ActivityController.xib */ = {isa = PBXFileReference; fileEncoding = 4; lastKnownFileType = file.xib; path = ActivityController.xib; sourceTree = "<group>"; };
/* End PBXFileReference section */

/* Begin PBXFrameworksBuildPhase section */
		F3FBE92014D79B2800CF86BA /* Frameworks */ = {
			isa = PBXFrameworksBuildPhase;
			buildActionMask = 2147483647;
			files = (
				2CAE5BFF14ED36CE0041D5B5 /* AddressBookUI.framework in Frameworks */,
				2CB81B5B14E23B6600BA77C0 /* libsqlite3.0.dylib in Frameworks */,
				F3FBE92814D79B2800CF86BA /* UIKit.framework in Frameworks */,
				F3FBE92A14D79B2800CF86BA /* Foundation.framework in Frameworks */,
				F3FBE92C14D79B2800CF86BA /* CoreGraphics.framework in Frameworks */,
			);
			runOnlyForDeploymentPostprocessing = 0;
		};
/* End PBXFrameworksBuildPhase section */

/* Begin PBXGroup section */
		2C34F24714F210E30089B39E /* calendar */ = {
			isa = PBXGroup;
			children = (
				2C34F24414F20CED0089B39E /* calendar.html */,
				2C34F24814F210F60089B39E /* CalendarController.h */,
				2C34F24914F210F60089B39E /* CalendarController.m */,
				2C34F24A14F210F60089B39E /* CalendarController.xib */,
			);
			name = calendar;
			sourceTree = "<group>";
		};
		2C56045514F103E500F6FDFC /* task */ = {
			isa = PBXGroup;
			children = (
				2C56054714F1436C00F6FDFC /* mytask.plist */,
				2C56047514F105C400F6FDFC /* TaskDetailTableView.m */,
				2C56047614F105C400F6FDFC /* TaskDetailTableView.h */,
				2C56046714F1055100F6FDFC /* TaskController.h */,
				2C56046814F1055100F6FDFC /* TaskController.m */,
				2C56046914F1055100F6FDFC /* TaskController.xib */,
				2C56045614F103F700F6FDFC /* TaskDetailTableViewCell.h */,
				2C56045714F103F700F6FDFC /* TaskDetailTableViewCell.m */,
				2C56045814F103F700F6FDFC /* TaskDetailTableViewCell.xib */,
			);
			name = task;
			sourceTree = "<group>";
		};
		2C56047C14F1064E00F6FDFC /* http */ = {
			isa = PBXGroup;
			children = (
				2C5604C014F13AB100F6FDFC /* HttpRequest.h */,
				2C5604C114F13AB100F6FDFC /* HttpRequest.m */,
			);
			name = http;
			sourceTree = "<group>";
		};
		2C61DC8514EBB3B900F50200 /* setting */ = {
			isa = PBXGroup;
			children = (
				2C61DC8614EBB3D900F50200 /* SettingViewController.h */,
				2C61DC8714EBB3D900F50200 /* SettingViewController.m */,
				2C61DC8814EBB3D900F50200 /* SettingViewController.xib */,
				2C56059E14F1ECC800F6FDFC /* AboutController.h */,
				2C56059F14F1ECC800F6FDFC /* AboutController.m */,
				2C5605A014F1ECC800F6FDFC /* AboutController.xib */,
			);
			name = setting;
			sourceTree = "<group>";
		};
		2C61DC8B14EBCA0F00F50200 /* favorites */ = {
			isa = PBXGroup;
			children = (
				2C56051614F140F800F6FDFC /* pinyin.c */,
				2C56051714F140F800F6FDFC /* pinyin.h */,
				2C56051014F140CF00F6FDFC /* AddFavoritesController.h */,
				2C56051114F140CF00F6FDFC /* AddFavoritesController.m */,
				2C56051214F140CF00F6FDFC /* AddFavoritesController.xib */,
				2C5604F214F13E7800F6FDFC /* FavoritesData.h */,
				2C5604F314F13E7800F6FDFC /* FavoritesData.m */,
				2C5604ED14F13E6B00F6FDFC /* FavoritesController.h */,
				2C5604EE14F13E6B00F6FDFC /* FavoritesController.m */,
				2C5604EF14F13E6B00F6FDFC /* FavoritesController.xib */,
			);
			name = favorites;
			sourceTree = "<group>";
		};
		2C61DC9114EBD13500F50200 /* search */ = {
			isa = PBXGroup;
			children = (
				2C61DC9214EBD15300F50200 /* SearchController.h */,
				2C61DC9C14EBF63F00F50200 /* SearchController.m */,
				2C61DC9914EBF63800F50200 /* SearchController.xib */,
				2C5604DA14F13DE300F6FDFC /* SearchResultController.h */,
				2C5604DB14F13DE300F6FDFC /* SearchResultController.m */,
				2C5604DC14F13DE300F6FDFC /* SearchResultController.xib */,
			);
			name = search;
			sourceTree = "<group>";
		};
		2CE4629A14E4064E0007B2E1 /* colleague */ = {
			isa = PBXGroup;
			children = (
				2C02950114F23F7900978AD9 /* colleague.sqlite */,
				2CDB715014F2353900C50625 /* user_default.png */,
				2CDB714414F228CE00C50625 /* SQL.h */,
				2CDB714514F228CE00C50625 /* OperationalDatabase.h */,
				2CDB714614F228CE00C50625 /* OperationalDatabase.m */,
				2C56054F14F143F000F6FDFC /* colleague.plist */,
				2C61DC7E14EBAE8E00F50200 /* ColleagueController.h */,
				2C61DC7D14EBAE8E00F50200 /* ColleagueController.m */,
				2C61DC7C14EBAE8E00F50200 /* ColleagueController.xib */,
				2C5604CC14F13BE100F6FDFC /* ColleagueTableViewCell.h */,
				2C5604CD14F13BE100F6FDFC /* ColleagueTableViewCell.m */,
				2C5604CE14F13BE100F6FDFC /* ColleagueTableViewCell.xib */,
			);
			name = colleague;
			sourceTree = "<group>";
		};
		2CF0E87714F0E76600A78435 /* home */ = {
			isa = PBXGroup;
			children = (
				2C56053714F142D800F6FDFC /* search_gray.png */,
				2C56052F14F1426D00F6FDFC /* favorites_gray.png */,
				2C56052A14F1425600F6FDFC /* activity_gray.png */,
				2C56052D14F1426200F6FDFC /* collaborators_gray.png */,
				2C56051D14F1416C00F6FDFC /* home.png */,
				2C56055A14F1454300F6FDFC /* HomeController.h */,
				2C56055B14F1454300F6FDFC /* HomeController.m */,
				2C56055C14F1454300F6FDFC /* HomeController.xib */,
			);
			name = home;
			sourceTree = "<group>";
		};
		F380C00614DE46AE00880B96 /* data */ = {
			isa = PBXGroup;
			children = (
				2C56050814F1405B00F6FDFC /* DataManager.h */,
				2C56050914F1405B00F6FDFC /* DataManager.m */,
			);
			name = data;
			sourceTree = "<group>";
		};
		F3FBE91814D79B2800CF86BA = {
			isa = PBXGroup;
			children = (
				F3FBE93E14D79C2800CF86BA /* Resource */,
				F3FBE92D14D79B2800CF86BA /* MyTask */,
				F3FBE92614D79B2800CF86BA /* Frameworks */,
				F3FBE92414D79B2800CF86BA /* Products */,
			);
			sourceTree = "<group>";
		};
		F3FBE92414D79B2800CF86BA /* Products */ = {
			isa = PBXGroup;
			children = (
				F3FBE92314D79B2800CF86BA /* MyTask.app */,
			);
			name = Products;
			sourceTree = "<group>";
		};
		F3FBE92614D79B2800CF86BA /* Frameworks */ = {
			isa = PBXGroup;
			children = (
				2CAE5BFC14ED36B40041D5B5 /* AddressBookUI.framework */,
				2CB81B5A14E23B6600BA77C0 /* libsqlite3.0.dylib */,
				F3FBE92714D79B2800CF86BA /* UIKit.framework */,
				F3FBE92914D79B2800CF86BA /* Foundation.framework */,
				F3FBE92B14D79B2800CF86BA /* CoreGraphics.framework */,
			);
			name = Frameworks;
			sourceTree = "<group>";
		};
		F3FBE92D14D79B2800CF86BA /* MyTask */ = {
			isa = PBXGroup;
			children = (
				2C34F24714F210E30089B39E /* calendar */,
				2C56047C14F1064E00F6FDFC /* http */,
				2C56045514F103E500F6FDFC /* task */,
				2CF0E87714F0E76600A78435 /* home */,
				2C61DC8514EBB3B900F50200 /* setting */,
				2C61DC9114EBD13500F50200 /* search */,
				2C61DC8B14EBCA0F00F50200 /* favorites */,
				2CE4629A14E4064E0007B2E1 /* colleague */,
				F380C00614DE46AE00880B96 /* data */,
				F3FBE9BD14DADB8900CF86BA /* activity */,
				F3FBE97414DA829400CF86BA /* main */,
				F3FBE95114D7D45000CF86BA /* auth */,
				F3FBE92E14D79B2800CF86BA /* Supporting Files */,
			);
			path = MyTask;
			sourceTree = "<group>";
		};
		F3FBE92E14D79B2800CF86BA /* Supporting Files */ = {
			isa = PBXGroup;
			children = (
				F3FBE92F14D79B2800CF86BA /* MyTask-Info.plist */,
				F3FBE93014D79B2800CF86BA /* InfoPlist.strings */,
				F3FBE93314D79B2800CF86BA /* main.m */,
				F3FBE93514D79B2800CF86BA /* MyTask-Prefix.pch */,
			);
			name = "Supporting Files";
			sourceTree = "<group>";
		};
		F3FBE93E14D79C2800CF86BA /* Resource */ = {
			isa = PBXGroup;
			children = (
				F3FBE93F14D79C4500CF86BA /* icon-72.png */,
				F3FBE94014D79C4500CF86BA /* icon.png */,
				F3FBE94114D79C4500CF86BA /* icon@2x.png */,
				F3FBE94214D79C4500CF86BA /* Default.png */,
				F3FBE94314D79C4500CF86BA /* Default@2x.png */,
			);
			name = Resource;
			sourceTree = "<group>";
		};
		F3FBE95114D7D45000CF86BA /* auth */ = {
			isa = PBXGroup;
			children = (
				F3FBE95214D7DA3D00CF86BA /* logo.png */,
				F3FBE94914D7D3D200CF86BA /* AuthenticationController.h */,
				F3FBE94A14D7D3D200CF86BA /* AuthenticationController.m */,
				F3FBE94B14D7D3D200CF86BA /* AuthenticationController.xib */,
			);
			name = auth;
			sourceTree = "<group>";
		};
		F3FBE97414DA829400CF86BA /* main */ = {
			isa = PBXGroup;
			children = (
				F3FBE93614D79B2800CF86BA /* AppDelegate.h */,
				F3FBE93714D79B2800CF86BA /* AppDelegate.m */,
			);
			name = main;
			sourceTree = "<group>";
		};
		F3FBE9BD14DADB8900CF86BA /* activity */ = {
			isa = PBXGroup;
			children = (
				2CDAE8E614E2535C0092DD10 /* task_small.png */,
				2CDAE8E414E253460092DD10 /* posted_small.png */,
				F3FBE9D214DAE1CA00CF86BA /* ActivityController.h */,
				F3FBE9D314DAE1CA00CF86BA /* ActivityController.m */,
				F3FBE9D414DAE1CA00CF86BA /* ActivityController.xib */,
				2CDAE8DB14E2517E0092DD10 /* ActivityTableViewCell.h */,
				2CDAE8DC14E2517E0092DD10 /* ActivityTableViewCell.m */,
				2CDAE8DE14E2518B0092DD10 /* ActivityTableViewCell.xib */,
			);
			name = activity;
			sourceTree = "<group>";
		};
/* End PBXGroup section */

/* Begin PBXNativeTarget section */
		F3FBE92214D79B2800CF86BA /* MyTask */ = {
			isa = PBXNativeTarget;
			buildConfigurationList = F3FBE93B14D79B2800CF86BA /* Build configuration list for PBXNativeTarget "MyTask" */;
			buildPhases = (
				F3FBE91F14D79B2800CF86BA /* Sources */,
				F3FBE92014D79B2800CF86BA /* Frameworks */,
				F3FBE92114D79B2800CF86BA /* Resources */,
			);
			buildRules = (
			);
			dependencies = (
			);
			name = MyTask;
			productName = MyTask;
			productReference = F3FBE92314D79B2800CF86BA /* MyTask.app */;
			productType = "com.apple.product-type.application";
		};
/* End PBXNativeTarget section */

/* Begin PBXProject section */
		F3FBE91A14D79B2800CF86BA /* Project object */ = {
			isa = PBXProject;
			attributes = {
				LastUpgradeCheck = 0420;
			};
			buildConfigurationList = F3FBE91D14D79B2800CF86BA /* Build configuration list for PBXProject "MyTask" */;
			compatibilityVersion = "Xcode 3.2";
			developmentRegion = English;
			hasScannedForEncodings = 0;
			knownRegions = (
				en,
				"zh-Hans",
			);
			mainGroup = F3FBE91814D79B2800CF86BA;
			productRefGroup = F3FBE92414D79B2800CF86BA /* Products */;
			projectDirPath = "";
			projectRoot = "";
			targets = (
				F3FBE92214D79B2800CF86BA /* MyTask */,
			);
		};
/* End PBXProject section */

/* Begin PBXResourcesBuildPhase section */
		F3FBE92114D79B2800CF86BA /* Resources */ = {
			isa = PBXResourcesBuildPhase;
			buildActionMask = 2147483647;
			files = (
				F3FBE93214D79B2800CF86BA /* InfoPlist.strings in Resources */,
				F3FBE94414D79C4500CF86BA /* icon-72.png in Resources */,
				F3FBE94514D79C4500CF86BA /* icon.png in Resources */,
				F3FBE94614D79C4500CF86BA /* icon@2x.png in Resources */,
				F3FBE94714D79C4500CF86BA /* Default.png in Resources */,
				F3FBE94814D79C4500CF86BA /* Default@2x.png in Resources */,
				F3FBE94D14D7D3D200CF86BA /* AuthenticationController.xib in Resources */,
				F3FBE95314D7DA3D00CF86BA /* logo.png in Resources */,
				F3FBE9D614DAE1CA00CF86BA /* ActivityController.xib in Resources */,
				2CDAE8DF14E2518B0092DD10 /* ActivityTableViewCell.xib in Resources */,
				2CDAE8E514E253460092DD10 /* posted_small.png in Resources */,
				2CDAE8E714E2535C0092DD10 /* task_small.png in Resources */,
				2C61DC8214EBAE8E00F50200 /* ColleagueController.xib in Resources */,
				2C61DC8A14EBB3D900F50200 /* SettingViewController.xib in Resources */,
				2C61DC9714EBF63800F50200 /* SearchController.xib in Resources */,
				2C9BB3D814F0E84900290A3C /* sullivan.png in Resources */,
				2C56045A14F103F700F6FDFC /* TaskDetailTableViewCell.xib in Resources */,
				2C56046B14F1055100F6FDFC /* TaskController.xib in Resources */,
				2C5604D014F13BE100F6FDFC /* ColleagueTableViewCell.xib in Resources */,
				2C5604DE14F13DE300F6FDFC /* SearchResultController.xib in Resources */,
				2C5604F114F13E6B00F6FDFC /* FavoritesController.xib in Resources */,
				2C56051414F140CF00F6FDFC /* AddFavoritesController.xib in Resources */,
				2C56051E14F1416C00F6FDFC /* home.png in Resources */,
				2C56052B14F1425600F6FDFC /* activity_gray.png in Resources */,
				2C56052E14F1426200F6FDFC /* collaborators_gray.png in Resources */,
				2C56053014F1426D00F6FDFC /* favorites_gray.png in Resources */,
				2C56053814F142D800F6FDFC /* search_gray.png in Resources */,
				2C56054814F1436C00F6FDFC /* mytask.plist in Resources */,
				2C56055014F143F000F6FDFC /* colleague.plist in Resources */,
				2C56055E14F1454300F6FDFC /* HomeController.xib in Resources */,
				2C5605A214F1ECC800F6FDFC /* AboutController.xib in Resources */,
				2C34F24514F20CED0089B39E /* calendar.html in Resources */,
				2C34F24C14F210F60089B39E /* CalendarController.xib in Resources */,
				2CDB715114F2353900C50625 /* user_default.png in Resources */,
				2C02950214F23F7900978AD9 /* colleague.sqlite in Resources */,
			);
			runOnlyForDeploymentPostprocessing = 0;
		};
/* End PBXResourcesBuildPhase section */

/* Begin PBXSourcesBuildPhase section */
		F3FBE91F14D79B2800CF86BA /* Sources */ = {
			isa = PBXSourcesBuildPhase;
			buildActionMask = 2147483647;
			files = (
				F3FBE93414D79B2800CF86BA /* main.m in Sources */,
				F3FBE93814D79B2800CF86BA /* AppDelegate.m in Sources */,
				F3FBE94C14D7D3D200CF86BA /* AuthenticationController.m in Sources */,
				F3FBE9D514DAE1CA00CF86BA /* ActivityController.m in Sources */,
				2CDAE8DD14E2517E0092DD10 /* ActivityTableViewCell.m in Sources */,
				2C61DC8314EBAE8E00F50200 /* ColleagueController.m in Sources */,
				2C61DC8914EBB3D900F50200 /* SettingViewController.m in Sources */,
				2C61DC9A14EBF63F00F50200 /* SearchController.m in Sources */,
				2C56045914F103F700F6FDFC /* TaskDetailTableViewCell.m in Sources */,
				2C56046A14F1055100F6FDFC /* TaskController.m in Sources */,
				2C56047714F105C400F6FDFC /* TaskDetailTableView.m in Sources */,
				2C5604C214F13AB100F6FDFC /* HttpRequest.m in Sources */,
				2C5604CF14F13BE100F6FDFC /* ColleagueTableViewCell.m in Sources */,
				2C5604DD14F13DE300F6FDFC /* SearchResultController.m in Sources */,
				2C5604F014F13E6B00F6FDFC /* FavoritesController.m in Sources */,
				2C5604F414F13E7800F6FDFC /* FavoritesData.m in Sources */,
				2C56050A14F1405B00F6FDFC /* DataManager.m in Sources */,
				2C56051314F140CF00F6FDFC /* AddFavoritesController.m in Sources */,
				2C56051814F140F800F6FDFC /* pinyin.c in Sources */,
				2C56055D14F1454300F6FDFC /* HomeController.m in Sources */,
				2C5605A114F1ECC800F6FDFC /* AboutController.m in Sources */,
				2C34F24B14F210F60089B39E /* CalendarController.m in Sources */,
				2CDB714714F228CF00C50625 /* OperationalDatabase.m in Sources */,
			);
			runOnlyForDeploymentPostprocessing = 0;
		};
/* End PBXSourcesBuildPhase section */

/* Begin PBXVariantGroup section */
		2C61DC9914EBF63800F50200 /* SearchController.xib */ = {
			isa = PBXVariantGroup;
			children = (
				2C61DC9814EBF63800F50200 /* en */,
				2C61DCA314EBF67E00F50200 /* zh-Hans */,
			);
			name = SearchController.xib;
			sourceTree = "<group>";
		};
		2C61DC9C14EBF63F00F50200 /* SearchController.m */ = {
			isa = PBXVariantGroup;
			children = (
				2C61DC9B14EBF63F00F50200 /* en */,
			);
			name = SearchController.m;
			sourceTree = "<group>";
		};
		F3FBE93014D79B2800CF86BA /* InfoPlist.strings */ = {
			isa = PBXVariantGroup;
			children = (
				F3FBE93114D79B2800CF86BA /* en */,
			);
			name = InfoPlist.strings;
			sourceTree = "<group>";
		};
/* End PBXVariantGroup section */

/* Begin XCBuildConfiguration section */
		F3FBE93914D79B2800CF86BA /* Debug */ = {
			isa = XCBuildConfiguration;
			buildSettings = {
				ALWAYS_SEARCH_USER_PATHS = NO;
				ARCHS = "$(ARCHS_STANDARD_32_BIT)";
				CLANG_ENABLE_OBJC_ARC = YES;
				"CODE_SIGN_IDENTITY[sdk=iphoneos*]" = "iPhone Developer: xiao ran (TE8FBG5AHZ)";
				COPY_PHASE_STRIP = NO;
				GCC_C_LANGUAGE_STANDARD = gnu99;
				GCC_DYNAMIC_NO_PIC = NO;
				GCC_OPTIMIZATION_LEVEL = 0;
				GCC_PREPROCESSOR_DEFINITIONS = (
					"DEBUG=1",
					"$(inherited)",
				);
				GCC_SYMBOLS_PRIVATE_EXTERN = NO;
				GCC_VERSION = com.apple.compilers.llvm.clang.1_0;
				GCC_WARN_ABOUT_MISSING_PROTOTYPES = YES;
				GCC_WARN_ABOUT_RETURN_TYPE = YES;
				GCC_WARN_UNUSED_VARIABLE = YES;
				IPHONEOS_DEPLOYMENT_TARGET = 5.0;
				"PROVISIONING_PROFILE[sdk=iphoneos*]" = "6C5571EA-EEC1-4C8F-BB49-ED4E1C5BBAEA";
				SDKROOT = iphoneos;
			};
			name = Debug;
		};
		F3FBE93A14D79B2800CF86BA /* Release */ = {
			isa = XCBuildConfiguration;
			buildSettings = {
				ALWAYS_SEARCH_USER_PATHS = NO;
				ARCHS = "$(ARCHS_STANDARD_32_BIT)";
				CLANG_ENABLE_OBJC_ARC = YES;
				"CODE_SIGN_IDENTITY[sdk=iphoneos*]" = "iPhone Developer: xiao ran (TE8FBG5AHZ)";
				COPY_PHASE_STRIP = YES;
				GCC_C_LANGUAGE_STANDARD = gnu99;
				GCC_VERSION = com.apple.compilers.llvm.clang.1_0;
				GCC_WARN_ABOUT_MISSING_PROTOTYPES = YES;
				GCC_WARN_ABOUT_RETURN_TYPE = YES;
				GCC_WARN_UNUSED_VARIABLE = YES;
				IPHONEOS_DEPLOYMENT_TARGET = 5.0;
				OTHER_CFLAGS = "-DNS_BLOCK_ASSERTIONS=1";
				"PROVISIONING_PROFILE[sdk=iphoneos*]" = "6C5571EA-EEC1-4C8F-BB49-ED4E1C5BBAEA";
				SDKROOT = iphoneos;
				VALIDATE_PRODUCT = YES;
			};
			name = Release;
		};
		F3FBE93C14D79B2800CF86BA /* Debug */ = {
			isa = XCBuildConfiguration;
			buildSettings = {
				"CODE_SIGN_IDENTITY[sdk=iphoneos*]" = "iPhone Developer: xiao ran (TE8FBG5AHZ)";
				GCC_PRECOMPILE_PREFIX_HEADER = YES;
				GCC_PREFIX_HEADER = "MyTask/MyTask-Prefix.pch";
				GCC_VERSION = com.apple.compilers.llvm.clang.1_0;
				INFOPLIST_FILE = "MyTask/MyTask-Info.plist";
				IPHONEOS_DEPLOYMENT_TARGET = 5.0;
				PRODUCT_NAME = "$(TARGET_NAME)";
				"PROVISIONING_PROFILE[sdk=iphoneos*]" = "6C5571EA-EEC1-4C8F-BB49-ED4E1C5BBAEA";
				WRAPPER_EXTENSION = app;
			};
			name = Debug;
		};
		F3FBE93D14D79B2800CF86BA /* Release */ = {
			isa = XCBuildConfiguration;
			buildSettings = {
				"CODE_SIGN_IDENTITY[sdk=iphoneos*]" = "iPhone Developer: xiao ran (TE8FBG5AHZ)";
				GCC_PRECOMPILE_PREFIX_HEADER = YES;
				GCC_PREFIX_HEADER = "MyTask/MyTask-Prefix.pch";
				GCC_VERSION = com.apple.compilers.llvm.clang.1_0;
				INFOPLIST_FILE = "MyTask/MyTask-Info.plist";
				IPHONEOS_DEPLOYMENT_TARGET = 5.0;
				PRODUCT_NAME = "$(TARGET_NAME)";
				"PROVISIONING_PROFILE[sdk=iphoneos*]" = "6C5571EA-EEC1-4C8F-BB49-ED4E1C5BBAEA";
				WRAPPER_EXTENSION = app;
			};
			name = Release;
		};
/* End XCBuildConfiguration section */

/* Begin XCConfigurationList section */
		F3FBE91D14D79B2800CF86BA /* Build configuration list for PBXProject "MyTask" */ = {
			isa = XCConfigurationList;
			buildConfigurations = (
				F3FBE93914D79B2800CF86BA /* Debug */,
				F3FBE93A14D79B2800CF86BA /* Release */,
			);
			defaultConfigurationIsVisible = 0;
			defaultConfigurationName = Release;
		};
		F3FBE93B14D79B2800CF86BA /* Build configuration list for PBXNativeTarget "MyTask" */ = {
			isa = XCConfigurationList;
			buildConfigurations = (
				F3FBE93C14D79B2800CF86BA /* Debug */,
				F3FBE93D14D79B2800CF86BA /* Release */,
			);
			defaultConfigurationIsVisible = 0;
			defaultConfigurationName = Release;
		};
/* End XCConfigurationList section */
	};
	rootObject = F3FBE91A14D79B2800CF86BA /* Project object */;
}
