// !$*UTF8*$!
{
	archiveVersion = 1;
	classes = {
	};
	objectVersion = 46;
	objects = {

/* Begin PBXBuildFile section */
		2CB81B5814E23B4900BA77C0 /* mytask.sqlite in Resources */ = {isa = PBXBuildFile; fileRef = 2CB81B5714E23B4900BA77C0 /* mytask.sqlite */; };
		2CB81B5B14E23B6600BA77C0 /* libsqlite3.0.dylib in Frameworks */ = {isa = PBXBuildFile; fileRef = 2CB81B5A14E23B6600BA77C0 /* libsqlite3.0.dylib */; };
		2CDAE8DD14E2517E0092DD10 /* ActivityTableViewCell.m in Sources */ = {isa = PBXBuildFile; fileRef = 2CDAE8DC14E2517E0092DD10 /* ActivityTableViewCell.m */; };
		2CDAE8DF14E2518B0092DD10 /* ActivityTableViewCell.xib in Resources */ = {isa = PBXBuildFile; fileRef = 2CDAE8DE14E2518B0092DD10 /* ActivityTableViewCell.xib */; };
		2CDAE8E514E253460092DD10 /* posted_small.png in Resources */ = {isa = PBXBuildFile; fileRef = 2CDAE8E414E253460092DD10 /* posted_small.png */; };
		2CDAE8E714E2535C0092DD10 /* task_small.png in Resources */ = {isa = PBXBuildFile; fileRef = 2CDAE8E614E2535C0092DD10 /* task_small.png */; };
		2CDAE8EE14E265030092DD10 /* mytask.plist in Resources */ = {isa = PBXBuildFile; fileRef = 2CDAE8ED14E265030092DD10 /* mytask.plist */; };
		2CE4629F14E406720007B2E1 /* ColleagueController.m in Sources */ = {isa = PBXBuildFile; fileRef = 2CE4629D14E406720007B2E1 /* ColleagueController.m */; };
		2CE462A014E406720007B2E1 /* ColleagueController.xib in Resources */ = {isa = PBXBuildFile; fileRef = 2CE4629E14E406720007B2E1 /* ColleagueController.xib */; };
		2CE462A214E40AC90007B2E1 /* colleague.plist in Resources */ = {isa = PBXBuildFile; fileRef = 2CE462A114E40AC90007B2E1 /* colleague.plist */; };
		2CE462A514E4B8430007B2E1 /* TaskDetailTableViewCell.m in Sources */ = {isa = PBXBuildFile; fileRef = 2CE462A414E4B8430007B2E1 /* TaskDetailTableViewCell.m */; };
		2CE462C114E4C3E30007B2E1 /* HttpRequest.m in Sources */ = {isa = PBXBuildFile; fileRef = 2CE462C014E4C3E30007B2E1 /* HttpRequest.m */; };
		2CE462C314E4C41B0007B2E1 /* DataManager.m in Sources */ = {isa = PBXBuildFile; fileRef = 2CE462C214E4C41B0007B2E1 /* DataManager.m */; };
		F32EED5214DBC8F800BCCBD6 /* TaskController.m in Sources */ = {isa = PBXBuildFile; fileRef = F32EED5014DBC8F800BCCBD6 /* TaskController.m */; };
		F32EED5314DBC8F800BCCBD6 /* TaskController.xib in Resources */ = {isa = PBXBuildFile; fileRef = F32EED5114DBC8F800BCCBD6 /* TaskController.xib */; };
		F380C00014DCF46700880B96 /* TaskDetailTableView.m in Sources */ = {isa = PBXBuildFile; fileRef = F380BFFF14DCF46700880B96 /* TaskDetailTableView.m */; };
		F380C00314DD053500880B96 /* TaskDetailTableViewCell.xib in Resources */ = {isa = PBXBuildFile; fileRef = F380C00214DD053500880B96 /* TaskDetailTableViewCell.xib */; };
		F380C00514DD2B4800880B96 /* sullivan.png in Resources */ = {isa = PBXBuildFile; fileRef = F380C00414DD2B4800880B96 /* sullivan.png */; };
		F380C00914DE4FB700880B96 /* DataManager.m in Sources */ = {isa = PBXBuildFile; fileRef = F380C00814DE4FB700880B96 /* DataManager.m */; };
		F380C01314DFD5F700880B96 /* libsqlite3.dylib in Frameworks */ = {isa = PBXBuildFile; fileRef = F380C01214DFD5F700880B96 /* libsqlite3.dylib */; };
		F380C01614DFD65C00880B96 /* mytask.sqlite in Resources */ = {isa = PBXBuildFile; fileRef = F380C01514DFD65C00880B96 /* mytask.sqlite */; };
		F3FBE92814D79B2800CF86BA /* UIKit.framework in Frameworks */ = {isa = PBXBuildFile; fileRef = F3FBE92714D79B2800CF86BA /* UIKit.framework */; };
		F3FBE92A14D79B2800CF86BA /* Foundation.framework in Frameworks */ = {isa = PBXBuildFile; fileRef = F3FBE92914D79B2800CF86BA /* Foundation.framework */; };
		F3FBE92C14D79B2800CF86BA /* CoreGraphics.framework in Frameworks */ = {isa = PBXBuildFile; fileRef = F3FBE92B14D79B2800CF86BA /* CoreGraphics.framework */; };
		F3FBE93214D79B2800CF86BA /* InfoPlist.strings in Resources */ = {isa = PBXBuildFile; fileRef = F3FBE93014D79B2800CF86BA /* InfoPlist.strings */; };
		F3FBE93414D79B2800CF86BA /* main.m in Sources */ = {isa = PBXBuildFile; fileRef = F3FBE93314D79B2800CF86BA /* main.m */; };
		F3FBE93814D79B2800CF86BA /* AppDelegate.m in Sources */ = {isa = PBXBuildFile; fileRef = F3FBE93714D79B2800CF86BA /* AppDelegate.m */; };
		F3FBE94414D79C4500CF86BA /* icon-72.png in Resources */ = {isa = PBXBuildFile; fileRef = F3FBE93F14D79C4500CF86BA /* icon-72.png */; };
		F3FBE94514D79C4500CF86BA /* icon.png in Resources */ = {isa = PBXBuildFile; fileRef = F3FBE94014D79C4500CF86BA /* icon.png */; };
		F3FBE94614D79C4500CF86BA /* icon@2x.png in Resources */ = {isa = PBXBuildFile; fileRef = F3FBE94114D79C4500CF86BA /* icon@2x.png */; };
		F3FBE94714D79C4500CF86BA /* Default.png in Resources */ = {isa = PBXBuildFile; fileRef = F3FBE94214D79C4500CF86BA /* Default.png */; };
		F3FBE94814D79C4500CF86BA /* Default@2x.png in Resources */ = {isa = PBXBuildFile; fileRef = F3FBE94314D79C4500CF86BA /* Default@2x.png */; };
		F3FBE94C14D7D3D200CF86BA /* AuthenticationController.m in Sources */ = {isa = PBXBuildFile; fileRef = F3FBE94A14D7D3D200CF86BA /* AuthenticationController.m */; };
		F3FBE94D14D7D3D200CF86BA /* AuthenticationController.xib in Resources */ = {isa = PBXBuildFile; fileRef = F3FBE94B14D7D3D200CF86BA /* AuthenticationController.xib */; };
		F3FBE95314D7DA3D00CF86BA /* logo.png in Resources */ = {isa = PBXBuildFile; fileRef = F3FBE95214D7DA3D00CF86BA /* logo.png */; };
		F3FBE95814D7DD3E00CF86BA /* HomeController.m in Sources */ = {isa = PBXBuildFile; fileRef = F3FBE95614D7DD3E00CF86BA /* HomeController.m */; };
		F3FBE95914D7DD3E00CF86BA /* HomeController.xib in Resources */ = {isa = PBXBuildFile; fileRef = F3FBE95714D7DD3E00CF86BA /* HomeController.xib */; };
		F3FBE95B14D7DDC900CF86BA /* user_default.png in Resources */ = {isa = PBXBuildFile; fileRef = F3FBE95A14D7DDC800CF86BA /* user_default.png */; };
		F3FBE95D14D7DE7700CF86BA /* workspace_big.png in Resources */ = {isa = PBXBuildFile; fileRef = F3FBE95C14D7DE7700CF86BA /* workspace_big.png */; };
		F3FBE95F14D7E7D700CF86BA /* activity_big.png in Resources */ = {isa = PBXBuildFile; fileRef = F3FBE95E14D7E7D700CF86BA /* activity_big.png */; };
		F3FBE96114D7E7DE00CF86BA /* search_big.png in Resources */ = {isa = PBXBuildFile; fileRef = F3FBE96014D7E7DE00CF86BA /* search_big.png */; };
		F3FBE96314D7E7F500CF86BA /* tasks_big.png in Resources */ = {isa = PBXBuildFile; fileRef = F3FBE96214D7E7F500CF86BA /* tasks_big.png */; };
		F3FBE96514D7E96900CF86BA /* account_big.png in Resources */ = {isa = PBXBuildFile; fileRef = F3FBE96414D7E96900CF86BA /* account_big.png */; };
		F3FBE96714D7EA0D00CF86BA /* calendar_big.png in Resources */ = {isa = PBXBuildFile; fileRef = F3FBE96614D7EA0D00CF86BA /* calendar_big.png */; };
		F3FBE9B414DABFEB00CF86BA /* home.png in Resources */ = {isa = PBXBuildFile; fileRef = F3FBE9B314DABFEB00CF86BA /* home.png */; };
		F3FBE9B614DAC45600CF86BA /* activity_gray.png in Resources */ = {isa = PBXBuildFile; fileRef = F3FBE9B514DAC45600CF86BA /* activity_gray.png */; };
		F3FBE9B814DACF3F00CF86BA /* favorites_gray.png in Resources */ = {isa = PBXBuildFile; fileRef = F3FBE9B714DACF3F00CF86BA /* favorites_gray.png */; };
		F3FBE9BA14DACF6600CF86BA /* search_gray.png in Resources */ = {isa = PBXBuildFile; fileRef = F3FBE9B914DACF6600CF86BA /* search_gray.png */; };
		F3FBE9BC14DACF9F00CF86BA /* collaborators_gray.png in Resources */ = {isa = PBXBuildFile; fileRef = F3FBE9BB14DACF9F00CF86BA /* collaborators_gray.png */; };
		F3FBE9D514DAE1CA00CF86BA /* ActivityController.m in Sources */ = {isa = PBXBuildFile; fileRef = F3FBE9D314DAE1CA00CF86BA /* ActivityController.m */; };
		F3FBE9D614DAE1CA00CF86BA /* ActivityController.xib in Resources */ = {isa = PBXBuildFile; fileRef = F3FBE9D414DAE1CA00CF86BA /* ActivityController.xib */; };
/* End PBXBuildFile section */

/* Begin PBXFileReference section */
		2CB81B5714E23B4900BA77C0 /* mytask.sqlite */ = {isa = PBXFileReference; lastKnownFileType = file; path = mytask.sqlite; sourceTree = "<group>"; };
		2CB81B5A14E23B6600BA77C0 /* libsqlite3.0.dylib */ = {isa = PBXFileReference; lastKnownFileType = "compiled.mach-o.dylib"; name = libsqlite3.0.dylib; path = usr/lib/libsqlite3.0.dylib; sourceTree = SDKROOT; };
		2CDAE8DB14E2517E0092DD10 /* ActivityTableViewCell.h */ = {isa = PBXFileReference; fileEncoding = 4; lastKnownFileType = sourcecode.c.h; path = ActivityTableViewCell.h; sourceTree = "<group>"; };
		2CDAE8DC14E2517E0092DD10 /* ActivityTableViewCell.m */ = {isa = PBXFileReference; fileEncoding = 4; lastKnownFileType = sourcecode.c.objc; path = ActivityTableViewCell.m; sourceTree = "<group>"; };
		2CDAE8DE14E2518B0092DD10 /* ActivityTableViewCell.xib */ = {isa = PBXFileReference; fileEncoding = 4; lastKnownFileType = file.xib; path = ActivityTableViewCell.xib; sourceTree = "<group>"; };
		2CDAE8E414E253460092DD10 /* posted_small.png */ = {isa = PBXFileReference; lastKnownFileType = image.png; path = posted_small.png; sourceTree = "<group>"; };
		2CDAE8E614E2535C0092DD10 /* task_small.png */ = {isa = PBXFileReference; lastKnownFileType = image.png; path = task_small.png; sourceTree = "<group>"; };
		2CDAE8ED14E265030092DD10 /* mytask.plist */ = {isa = PBXFileReference; fileEncoding = 4; lastKnownFileType = text.plist.xml; path = mytask.plist; sourceTree = "<group>"; };
		2CE4629C14E406720007B2E1 /* ColleagueController.h */ = {isa = PBXFileReference; fileEncoding = 4; lastKnownFileType = sourcecode.c.h; path = ColleagueController.h; sourceTree = "<group>"; };
		2CE4629D14E406720007B2E1 /* ColleagueController.m */ = {isa = PBXFileReference; fileEncoding = 4; lastKnownFileType = sourcecode.c.objc; path = ColleagueController.m; sourceTree = "<group>"; };
		2CE4629E14E406720007B2E1 /* ColleagueController.xib */ = {isa = PBXFileReference; fileEncoding = 4; lastKnownFileType = file.xib; path = ColleagueController.xib; sourceTree = "<group>"; };
		2CE462A114E40AC90007B2E1 /* colleague.plist */ = {isa = PBXFileReference; fileEncoding = 4; lastKnownFileType = text.plist.xml; path = colleague.plist; sourceTree = "<group>"; };
		2CE462A314E4B8430007B2E1 /* TaskDetailTableViewCell.h */ = {isa = PBXFileReference; fileEncoding = 4; lastKnownFileType = sourcecode.c.h; path = TaskDetailTableViewCell.h; sourceTree = "<group>"; };
		2CE462A414E4B8430007B2E1 /* TaskDetailTableViewCell.m */ = {isa = PBXFileReference; fileEncoding = 4; lastKnownFileType = sourcecode.c.objc; path = TaskDetailTableViewCell.m; sourceTree = "<group>"; };
		2CE462BF14E4C3E30007B2E1 /* HttpRequest.h */ = {isa = PBXFileReference; fileEncoding = 4; lastKnownFileType = sourcecode.c.h; path = HttpRequest.h; sourceTree = "<group>"; };
		2CE462C014E4C3E30007B2E1 /* HttpRequest.m */ = {isa = PBXFileReference; fileEncoding = 4; lastKnownFileType = sourcecode.c.objc; path = HttpRequest.m; sourceTree = "<group>"; };
		2CE462C214E4C41B0007B2E1 /* DataManager.m */ = {isa = PBXFileReference; fileEncoding = 4; lastKnownFileType = sourcecode.c.objc; path = DataManager.m; sourceTree = "<group>"; };
		F32EED4F14DBC8F800BCCBD6 /* TaskController.h */ = {isa = PBXFileReference; fileEncoding = 4; lastKnownFileType = sourcecode.c.h; path = TaskController.h; sourceTree = "<group>"; };
		F32EED5014DBC8F800BCCBD6 /* TaskController.m */ = {isa = PBXFileReference; fileEncoding = 4; lastKnownFileType = sourcecode.c.objc; path = TaskController.m; sourceTree = "<group>"; };
		F32EED5114DBC8F800BCCBD6 /* TaskController.xib */ = {isa = PBXFileReference; fileEncoding = 4; lastKnownFileType = file.xib; path = TaskController.xib; sourceTree = "<group>"; };
		F380BFFE14DCF46700880B96 /* TaskDetailTableView.h */ = {isa = PBXFileReference; fileEncoding = 4; lastKnownFileType = sourcecode.c.h; path = TaskDetailTableView.h; sourceTree = "<group>"; };
		F380BFFF14DCF46700880B96 /* TaskDetailTableView.m */ = {isa = PBXFileReference; fileEncoding = 4; lastKnownFileType = sourcecode.c.objc; path = TaskDetailTableView.m; sourceTree = "<group>"; };
		F380C00214DD053500880B96 /* TaskDetailTableViewCell.xib */ = {isa = PBXFileReference; fileEncoding = 4; lastKnownFileType = file.xib; path = TaskDetailTableViewCell.xib; sourceTree = "<group>"; };
		F380C00414DD2B4800880B96 /* sullivan.png */ = {isa = PBXFileReference; lastKnownFileType = image.png; path = sullivan.png; sourceTree = "<group>"; };
		F380C00714DE4FB700880B96 /* DataManager.h */ = {isa = PBXFileReference; fileEncoding = 4; lastKnownFileType = sourcecode.c.h; path = DataManager.h; sourceTree = "<group>"; };
		F380C00814DE4FB700880B96 /* DataManager.m */ = {isa = PBXFileReference; fileEncoding = 4; lastKnownFileType = sourcecode.c.objc; path = DataManager.m; sourceTree = "<group>"; };
		F380C01214DFD5F700880B96 /* libsqlite3.dylib */ = {isa = PBXFileReference; lastKnownFileType = "compiled.mach-o.dylib"; name = libsqlite3.dylib; path = usr/lib/libsqlite3.dylib; sourceTree = SDKROOT; };
		F380C01514DFD65C00880B96 /* mytask.sqlite */ = {isa = PBXFileReference; lastKnownFileType = file; path = mytask.sqlite; sourceTree = "<group>"; };
		F3FBE92314D79B2800CF86BA /* MyTask.app */ = {isa = PBXFileReference; explicitFileType = wrapper.application; includeInIndex = 0; path = MyTask.app; sourceTree = BUILT_PRODUCTS_DIR; };
		F3FBE92714D79B2800CF86BA /* UIKit.framework */ = {isa = PBXFileReference; lastKnownFileType = wrapper.framework; name = UIKit.framework; path = System/Library/Frameworks/UIKit.framework; sourceTree = SDKROOT; };
		F3FBE92914D79B2800CF86BA /* Foundation.framework */ = {isa = PBXFileReference; lastKnownFileType = wrapper.framework; name = Foundation.framework; path = System/Library/Frameworks/Foundation.framework; sourceTree = SDKROOT; };
		F3FBE92B14D79B2800CF86BA /* CoreGraphics.framework */ = {isa = PBXFileReference; lastKnownFileType = wrapper.framework; name = CoreGraphics.framework; path = System/Library/Frameworks/CoreGraphics.framework; sourceTree = SDKROOT; };
		F3FBE92F14D79B2800CF86BA /* MyTask-Info.plist */ = {isa = PBXFileReference; lastKnownFileType = text.plist.xml; path = "MyTask-Info.plist"; sourceTree = "<group>"; };
		F3FBE93114D79B2800CF86BA /* en */ = {isa = PBXFileReference; lastKnownFileType = text.plist.strings; name = en; path = en.lproj/InfoPlist.strings; sourceTree = "<group>"; };
		F3FBE93314D79B2800CF86BA /* main.m */ = {isa = PBXFileReference; lastKnownFileType = sourcecode.c.objc; path = main.m; sourceTree = "<group>"; };
		F3FBE93514D79B2800CF86BA /* MyTask-Prefix.pch */ = {isa = PBXFileReference; lastKnownFileType = sourcecode.c.h; path = "MyTask-Prefix.pch"; sourceTree = "<group>"; };
		F3FBE93614D79B2800CF86BA /* AppDelegate.h */ = {isa = PBXFileReference; lastKnownFileType = sourcecode.c.h; path = AppDelegate.h; sourceTree = "<group>"; };
		F3FBE93714D79B2800CF86BA /* AppDelegate.m */ = {isa = PBXFileReference; lastKnownFileType = sourcecode.c.objc; path = AppDelegate.m; sourceTree = "<group>"; };
		F3FBE93F14D79C4500CF86BA /* icon-72.png */ = {isa = PBXFileReference; lastKnownFileType = image.png; path = "icon-72.png"; sourceTree = "<group>"; };
		F3FBE94014D79C4500CF86BA /* icon.png */ = {isa = PBXFileReference; lastKnownFileType = image.png; path = icon.png; sourceTree = "<group>"; };
		F3FBE94114D79C4500CF86BA /* icon@2x.png */ = {isa = PBXFileReference; lastKnownFileType = image.png; path = "icon@2x.png"; sourceTree = "<group>"; };
		F3FBE94214D79C4500CF86BA /* Default.png */ = {isa = PBXFileReference; lastKnownFileType = image.png; path = Default.png; sourceTree = "<group>"; };
		F3FBE94314D79C4500CF86BA /* Default@2x.png */ = {isa = PBXFileReference; lastKnownFileType = image.png; path = "Default@2x.png"; sourceTree = "<group>"; };
		F3FBE94914D7D3D200CF86BA /* AuthenticationController.h */ = {isa = PBXFileReference; fileEncoding = 4; lastKnownFileType = sourcecode.c.h; path = AuthenticationController.h; sourceTree = "<group>"; };
		F3FBE94A14D7D3D200CF86BA /* AuthenticationController.m */ = {isa = PBXFileReference; fileEncoding = 4; lastKnownFileType = sourcecode.c.objc; path = AuthenticationController.m; sourceTree = "<group>"; };
		F3FBE94B14D7D3D200CF86BA /* AuthenticationController.xib */ = {isa = PBXFileReference; fileEncoding = 4; lastKnownFileType = file.xib; path = AuthenticationController.xib; sourceTree = "<group>"; };
		F3FBE95214D7DA3D00CF86BA /* logo.png */ = {isa = PBXFileReference; lastKnownFileType = image.png; path = logo.png; sourceTree = "<group>"; };
		F3FBE95514D7DD3E00CF86BA /* HomeController.h */ = {isa = PBXFileReference; fileEncoding = 4; lastKnownFileType = sourcecode.c.h; path = HomeController.h; sourceTree = "<group>"; };
		F3FBE95614D7DD3E00CF86BA /* HomeController.m */ = {isa = PBXFileReference; fileEncoding = 4; lastKnownFileType = sourcecode.c.objc; path = HomeController.m; sourceTree = "<group>"; };
		F3FBE95714D7DD3E00CF86BA /* HomeController.xib */ = {isa = PBXFileReference; fileEncoding = 4; lastKnownFileType = file.xib; path = HomeController.xib; sourceTree = "<group>"; };
		F3FBE95A14D7DDC800CF86BA /* user_default.png */ = {isa = PBXFileReference; lastKnownFileType = image.png; path = user_default.png; sourceTree = "<group>"; };
		F3FBE95C14D7DE7700CF86BA /* workspace_big.png */ = {isa = PBXFileReference; lastKnownFileType = image.png; path = workspace_big.png; sourceTree = "<group>"; };
		F3FBE95E14D7E7D700CF86BA /* activity_big.png */ = {isa = PBXFileReference; lastKnownFileType = image.png; path = activity_big.png; sourceTree = "<group>"; };
		F3FBE96014D7E7DE00CF86BA /* search_big.png */ = {isa = PBXFileReference; lastKnownFileType = image.png; path = search_big.png; sourceTree = "<group>"; };
		F3FBE96214D7E7F500CF86BA /* tasks_big.png */ = {isa = PBXFileReference; lastKnownFileType = image.png; path = tasks_big.png; sourceTree = "<group>"; };
		F3FBE96414D7E96900CF86BA /* account_big.png */ = {isa = PBXFileReference; lastKnownFileType = image.png; path = account_big.png; sourceTree = "<group>"; };
		F3FBE96614D7EA0D00CF86BA /* calendar_big.png */ = {isa = PBXFileReference; lastKnownFileType = image.png; path = calendar_big.png; sourceTree = "<group>"; };
		F3FBE9B314DABFEB00CF86BA /* home.png */ = {isa = PBXFileReference; lastKnownFileType = image.png; path = home.png; sourceTree = "<group>"; };
		F3FBE9B514DAC45600CF86BA /* activity_gray.png */ = {isa = PBXFileReference; lastKnownFileType = image.png; path = activity_gray.png; sourceTree = "<group>"; };
		F3FBE9B714DACF3F00CF86BA /* favorites_gray.png */ = {isa = PBXFileReference; lastKnownFileType = image.png; path = favorites_gray.png; sourceTree = "<group>"; };
		F3FBE9B914DACF6600CF86BA /* search_gray.png */ = {isa = PBXFileReference; lastKnownFileType = image.png; path = search_gray.png; sourceTree = "<group>"; };
		F3FBE9BB14DACF9F00CF86BA /* collaborators_gray.png */ = {isa = PBXFileReference; lastKnownFileType = image.png; path = collaborators_gray.png; sourceTree = "<group>"; };
		F3FBE9D214DAE1CA00CF86BA /* ActivityController.h */ = {isa = PBXFileReference; fileEncoding = 4; lastKnownFileType = sourcecode.c.h; path = ActivityController.h; sourceTree = "<group>"; };
		F3FBE9D314DAE1CA00CF86BA /* ActivityController.m */ = {isa = PBXFileReference; fileEncoding = 4; lastKnownFileType = sourcecode.c.objc; path = ActivityController.m; sourceTree = "<group>"; };
		F3FBE9D414DAE1CA00CF86BA /* ActivityController.xib */ = {isa = PBXFileReference; fileEncoding = 4; lastKnownFileType = file.xib; path = ActivityController.xib; sourceTree = "<group>"; };
/* End PBXFileReference section */

/* Begin PBXFrameworksBuildPhase section */
		F3FBE92014D79B2800CF86BA /* Frameworks */ = {
			isa = PBXFrameworksBuildPhase;
			buildActionMask = 2147483647;
			files = (
				F380C01314DFD5F700880B96 /* libsqlite3.dylib in Frameworks */,
				F3FBE92814D79B2800CF86BA /* UIKit.framework in Frameworks */,
				F3FBE92A14D79B2800CF86BA /* Foundation.framework in Frameworks */,
				F3FBE92C14D79B2800CF86BA /* CoreGraphics.framework in Frameworks */,
			);
			runOnlyForDeploymentPostprocessing = 0;
		};
/* End PBXFrameworksBuildPhase section */

/* Begin PBXGroup section */
		2CE4629A14E4064E0007B2E1 /* colleague */ = {
			isa = PBXGroup;
			children = (
				2CE4629C14E406720007B2E1 /* ColleagueController.h */,
				2CE4629D14E406720007B2E1 /* ColleagueController.m */,
				2CE4629E14E406720007B2E1 /* ColleagueController.xib */,
				2CE462A114E40AC90007B2E1 /* colleague.plist */,
			);
			name = colleague;
			sourceTree = "<group>";
		};
		2CE7AC5E14E109A30080B9B7 /* http */ = {
			isa = PBXGroup;
			children = (
				2CE462BF14E4C3E30007B2E1 /* HttpRequest.h */,
				2CE462C014E4C3E30007B2E1 /* HttpRequest.m */,
			);
			name = http;
			sourceTree = "<group>";
		};
		F32EED4314DBC6C400BCCBD6 /* task */ = {
			isa = PBXGroup;
			children = (
				F32EED4F14DBC8F800BCCBD6 /* TaskController.h */,
				F32EED5014DBC8F800BCCBD6 /* TaskController.m */,
				F32EED5114DBC8F800BCCBD6 /* TaskController.xib */,
				F380BFFE14DCF46700880B96 /* TaskDetailTableView.h */,
				F380BFFF14DCF46700880B96 /* TaskDetailTableView.m */,
				2CE462A314E4B8430007B2E1 /* TaskDetailTableViewCell.h */,
				2CE462A414E4B8430007B2E1 /* TaskDetailTableViewCell.m */,
				F380C00214DD053500880B96 /* TaskDetailTableViewCell.xib */,
			);
			name = task;
			sourceTree = "<group>";
		};
		F380C00614DE46AE00880B96 /* data */ = {
			isa = PBXGroup;
			children = (
				2CB81B5714E23B4900BA77C0 /* mytask.sqlite */,
				F380C00714DE4FB700880B96 /* DataManager.h */,
				2CE462C214E4C41B0007B2E1 /* DataManager.m */,
				2CDAE8ED14E265030092DD10 /* mytask.plist */,
			);
			name = data;
			sourceTree = "<group>";
		};
		F3FBE91814D79B2800CF86BA = {
			isa = PBXGroup;
			children = (
				F380C01214DFD5F700880B96 /* libsqlite3.dylib */,
				F3FBE93E14D79C2800CF86BA /* Resource */,
				F3FBE92D14D79B2800CF86BA /* MyTask */,
				F3FBE92614D79B2800CF86BA /* Frameworks */,
				F3FBE92414D79B2800CF86BA /* Products */,
			);
			sourceTree = "<group>";
		};
		F3FBE92414D79B2800CF86BA /* Products */ = {
			isa = PBXGroup;
			children = (
				F3FBE92314D79B2800CF86BA /* MyTask.app */,
			);
			name = Products;
			sourceTree = "<group>";
		};
		F3FBE92614D79B2800CF86BA /* Frameworks */ = {
			isa = PBXGroup;
			children = (
				2CB81B5A14E23B6600BA77C0 /* libsqlite3.0.dylib */,
				F3FBE92714D79B2800CF86BA /* UIKit.framework */,
				F3FBE92914D79B2800CF86BA /* Foundation.framework */,
				F3FBE92B14D79B2800CF86BA /* CoreGraphics.framework */,
			);
			name = Frameworks;
			sourceTree = "<group>";
		};
		F3FBE92D14D79B2800CF86BA /* MyTask */ = {
			isa = PBXGroup;
			children = (
				2CE4629A14E4064E0007B2E1 /* colleague */,
				2CE7AC5E14E109A30080B9B7 /* http */,
				F380C00614DE46AE00880B96 /* data */,
				F32EED4314DBC6C400BCCBD6 /* task */,
				F3FBE9BD14DADB8900CF86BA /* activity */,
				F3FBE97414DA829400CF86BA /* main */,
				F3FBE95114D7D45000CF86BA /* auth */,
				F3FBE95414D7DCD300CF86BA /* home */,
				F3FBE92E14D79B2800CF86BA /* Supporting Files */,
			);
			path = MyTask;
			sourceTree = "<group>";
		};
		F3FBE92E14D79B2800CF86BA /* Supporting Files */ = {
			isa = PBXGroup;
			children = (
				F3FBE92F14D79B2800CF86BA /* MyTask-Info.plist */,
				F3FBE93014D79B2800CF86BA /* InfoPlist.strings */,
				F3FBE93314D79B2800CF86BA /* main.m */,
				F3FBE93514D79B2800CF86BA /* MyTask-Prefix.pch */,
			);
			name = "Supporting Files";
			sourceTree = "<group>";
		};
		F3FBE93E14D79C2800CF86BA /* Resource */ = {
			isa = PBXGroup;
			children = (
				F3FBE93F14D79C4500CF86BA /* icon-72.png */,
				F3FBE94014D79C4500CF86BA /* icon.png */,
				F3FBE94114D79C4500CF86BA /* icon@2x.png */,
				F3FBE94214D79C4500CF86BA /* Default.png */,
				F3FBE94314D79C4500CF86BA /* Default@2x.png */,
			);
			name = Resource;
			sourceTree = "<group>";
		};
		F3FBE95114D7D45000CF86BA /* auth */ = {
			isa = PBXGroup;
			children = (
				F3FBE9B314DABFEB00CF86BA /* home.png */,
				F3FBE9B514DAC45600CF86BA /* activity_gray.png */,
				F3FBE9B714DACF3F00CF86BA /* favorites_gray.png */,
				F3FBE9B914DACF6600CF86BA /* search_gray.png */,
				F3FBE9BB14DACF9F00CF86BA /* collaborators_gray.png */,
				F3FBE95214D7DA3D00CF86BA /* logo.png */,
				F3FBE94914D7D3D200CF86BA /* AuthenticationController.h */,
				F3FBE94A14D7D3D200CF86BA /* AuthenticationController.m */,
				F3FBE94B14D7D3D200CF86BA /* AuthenticationController.xib */,
			);
			name = auth;
			sourceTree = "<group>";
		};
		F3FBE95414D7DCD300CF86BA /* home */ = {
			isa = PBXGroup;
			children = (
				F380C00414DD2B4800880B96 /* sullivan.png */,
				F3FBE96614D7EA0D00CF86BA /* calendar_big.png */,
				F3FBE96214D7E7F500CF86BA /* tasks_big.png */,
				F3FBE96414D7E96900CF86BA /* account_big.png */,
				F3FBE96014D7E7DE00CF86BA /* search_big.png */,
				F3FBE95E14D7E7D700CF86BA /* activity_big.png */,
				F3FBE95C14D7DE7700CF86BA /* workspace_big.png */,
				F3FBE95A14D7DDC800CF86BA /* user_default.png */,
				F3FBE95514D7DD3E00CF86BA /* HomeController.h */,
				F3FBE95614D7DD3E00CF86BA /* HomeController.m */,
				F3FBE95714D7DD3E00CF86BA /* HomeController.xib */,
			);
			name = home;
			sourceTree = "<group>";
		};
		F3FBE97414DA829400CF86BA /* main */ = {
			isa = PBXGroup;
			children = (
				F3FBE93614D79B2800CF86BA /* AppDelegate.h */,
				F3FBE93714D79B2800CF86BA /* AppDelegate.m */,
			);
			name = main;
			sourceTree = "<group>";
		};
		F3FBE9BD14DADB8900CF86BA /* activity */ = {
			isa = PBXGroup;
			children = (
				2CDAE8E614E2535C0092DD10 /* task_small.png */,
				2CDAE8E414E253460092DD10 /* posted_small.png */,
				F3FBE9D214DAE1CA00CF86BA /* ActivityController.h */,
				F3FBE9D314DAE1CA00CF86BA /* ActivityController.m */,
				F3FBE9D414DAE1CA00CF86BA /* ActivityController.xib */,
				2CDAE8DB14E2517E0092DD10 /* ActivityTableViewCell.h */,
				2CDAE8DC14E2517E0092DD10 /* ActivityTableViewCell.m */,
				2CDAE8DE14E2518B0092DD10 /* ActivityTableViewCell.xib */,
			);
			name = activity;
			sourceTree = "<group>";
		};
/* End PBXGroup section */

/* Begin PBXNativeTarget section */
		F3FBE92214D79B2800CF86BA /* MyTask */ = {
			isa = PBXNativeTarget;
			buildConfigurationList = F3FBE93B14D79B2800CF86BA /* Build configuration list for PBXNativeTarget "MyTask" */;
			buildPhases = (
				F3FBE91F14D79B2800CF86BA /* Sources */,
				F3FBE92014D79B2800CF86BA /* Frameworks */,
				F3FBE92114D79B2800CF86BA /* Resources */,
			);
			buildRules = (
			);
			dependencies = (
			);
			name = MyTask;
			productName = MyTask;
			productReference = F3FBE92314D79B2800CF86BA /* MyTask.app */;
			productType = "com.apple.product-type.application";
		};
/* End PBXNativeTarget section */

/* Begin PBXProject section */
		F3FBE91A14D79B2800CF86BA /* Project object */ = {
			isa = PBXProject;
			attributes = {
				LastUpgradeCheck = 0420;
			};
			buildConfigurationList = F3FBE91D14D79B2800CF86BA /* Build configuration list for PBXProject "MyTask" */;
			compatibilityVersion = "Xcode 3.2";
			developmentRegion = English;
			hasScannedForEncodings = 0;
			knownRegions = (
				en,
			);
			mainGroup = F3FBE91814D79B2800CF86BA;
			productRefGroup = F3FBE92414D79B2800CF86BA /* Products */;
			projectDirPath = "";
			projectRoot = "";
			targets = (
				F3FBE92214D79B2800CF86BA /* MyTask */,
			);
		};
/* End PBXProject section */

/* Begin PBXResourcesBuildPhase section */
		F3FBE92114D79B2800CF86BA /* Resources */ = {
			isa = PBXResourcesBuildPhase;
			buildActionMask = 2147483647;
			files = (
				F3FBE93214D79B2800CF86BA /* InfoPlist.strings in Resources */,
				F3FBE94414D79C4500CF86BA /* icon-72.png in Resources */,
				F3FBE94514D79C4500CF86BA /* icon.png in Resources */,
				F3FBE94614D79C4500CF86BA /* icon@2x.png in Resources */,
				F3FBE94714D79C4500CF86BA /* Default.png in Resources */,
				F3FBE94814D79C4500CF86BA /* Default@2x.png in Resources */,
				F3FBE94D14D7D3D200CF86BA /* AuthenticationController.xib in Resources */,
				F3FBE95314D7DA3D00CF86BA /* logo.png in Resources */,
				F3FBE95914D7DD3E00CF86BA /* HomeController.xib in Resources */,
				F3FBE95B14D7DDC900CF86BA /* user_default.png in Resources */,
				F3FBE95D14D7DE7700CF86BA /* workspace_big.png in Resources */,
				F3FBE95F14D7E7D700CF86BA /* activity_big.png in Resources */,
				F3FBE96114D7E7DE00CF86BA /* search_big.png in Resources */,
				F3FBE96314D7E7F500CF86BA /* tasks_big.png in Resources */,
				F3FBE96514D7E96900CF86BA /* account_big.png in Resources */,
				F3FBE96714D7EA0D00CF86BA /* calendar_big.png in Resources */,
				F3FBE9B414DABFEB00CF86BA /* home.png in Resources */,
				F3FBE9B614DAC45600CF86BA /* activity_gray.png in Resources */,
				F3FBE9B814DACF3F00CF86BA /* favorites_gray.png in Resources */,
				F3FBE9BA14DACF6600CF86BA /* search_gray.png in Resources */,
				F3FBE9BC14DACF9F00CF86BA /* collaborators_gray.png in Resources */,
				F3FBE9D614DAE1CA00CF86BA /* ActivityController.xib in Resources */,
				F32EED5314DBC8F800BCCBD6 /* TaskController.xib in Resources */,
				F380C00314DD053500880B96 /* TaskDetailTableViewCell.xib in Resources */,
				F380C00514DD2B4800880B96 /* sullivan.png in Resources */,
				2CB81B5814E23B4900BA77C0 /* mytask.sqlite in Resources */,
				2CDAE8DF14E2518B0092DD10 /* ActivityTableViewCell.xib in Resources */,
				2CDAE8E514E253460092DD10 /* posted_small.png in Resources */,
				2CDAE8E714E2535C0092DD10 /* task_small.png in Resources */,
				2CE462A014E406720007B2E1 /* ColleagueController.xib in Resources */,
				2CE462A214E40AC90007B2E1 /* colleague.plist in Resources */,
				2CDAE8EE14E265030092DD10 /* mytask.plist in Resources */,
			);
			runOnlyForDeploymentPostprocessing = 0;
		};
/* End PBXResourcesBuildPhase section */

/* Begin PBXSourcesBuildPhase section */
		F3FBE91F14D79B2800CF86BA /* Sources */ = {
			isa = PBXSourcesBuildPhase;
			buildActionMask = 2147483647;
			files = (
				F3FBE93414D79B2800CF86BA /* main.m in Sources */,
				F3FBE93814D79B2800CF86BA /* AppDelegate.m in Sources */,
				F3FBE94C14D7D3D200CF86BA /* AuthenticationController.m in Sources */,
				F3FBE95814D7DD3E00CF86BA /* HomeController.m in Sources */,
				F3FBE9D514DAE1CA00CF86BA /* ActivityController.m in Sources */,
				F32EED5214DBC8F800BCCBD6 /* TaskController.m in Sources */,
				F380C00014DCF46700880B96 /* TaskDetailTableView.m in Sources */,
				2CDAE8DD14E2517E0092DD10 /* ActivityTableViewCell.m in Sources */,
				2CE4629F14E406720007B2E1 /* ColleagueController.m in Sources */,
				2CE462A514E4B8430007B2E1 /* TaskDetailTableViewCell.m in Sources */,
				2CE462C114E4C3E30007B2E1 /* HttpRequest.m in Sources */,
				2CE462C314E4C41B0007B2E1 /* DataManager.m in Sources */,
			);
			runOnlyForDeploymentPostprocessing = 0;
		};
/* End PBXSourcesBuildPhase section */

/* Begin PBXVariantGroup section */
		F3FBE93014D79B2800CF86BA /* InfoPlist.strings */ = {
			isa = PBXVariantGroup;
			children = (
				F3FBE93114D79B2800CF86BA /* en */,
			);
			name = InfoPlist.strings;
			sourceTree = "<group>";
		};
/* End PBXVariantGroup section */

/* Begin XCBuildConfiguration section */
		F3FBE93914D79B2800CF86BA /* Debug */ = {
			isa = XCBuildConfiguration;
			buildSettings = {
				ALWAYS_SEARCH_USER_PATHS = NO;
				ARCHS = "$(ARCHS_STANDARD_32_BIT)";
				CLANG_ENABLE_OBJC_ARC = YES;
				"CODE_SIGN_IDENTITY[sdk=iphoneos*]" = "iPhone Developer: xiao ran (TE8FBG5AHZ)";
				COPY_PHASE_STRIP = NO;
				GCC_C_LANGUAGE_STANDARD = gnu99;
				GCC_DYNAMIC_NO_PIC = NO;
				GCC_OPTIMIZATION_LEVEL = 0;
				GCC_PREPROCESSOR_DEFINITIONS = (
					"DEBUG=1",
					"$(inherited)",
				);
				GCC_SYMBOLS_PRIVATE_EXTERN = NO;
				GCC_VERSION = com.apple.compilers.llvm.clang.1_0;
				GCC_WARN_ABOUT_MISSING_PROTOTYPES = YES;
				GCC_WARN_ABOUT_RETURN_TYPE = YES;
				GCC_WARN_UNUSED_VARIABLE = YES;
				IPHONEOS_DEPLOYMENT_TARGET = 5.0;
				"PROVISIONING_PROFILE[sdk=iphoneos*]" = "6C5571EA-EEC1-4C8F-BB49-ED4E1C5BBAEA";
				SDKROOT = iphoneos;
			};
			name = Debug;
		};
		F3FBE93A14D79B2800CF86BA /* Release */ = {
			isa = XCBuildConfiguration;
			buildSettings = {
				ALWAYS_SEARCH_USER_PATHS = NO;
				ARCHS = "$(ARCHS_STANDARD_32_BIT)";
				CLANG_ENABLE_OBJC_ARC = YES;
				"CODE_SIGN_IDENTITY[sdk=iphoneos*]" = "iPhone Developer: xiao ran (TE8FBG5AHZ)";
				COPY_PHASE_STRIP = YES;
				GCC_C_LANGUAGE_STANDARD = gnu99;
				GCC_VERSION = com.apple.compilers.llvm.clang.1_0;
				GCC_WARN_ABOUT_MISSING_PROTOTYPES = YES;
				GCC_WARN_ABOUT_RETURN_TYPE = YES;
				GCC_WARN_UNUSED_VARIABLE = YES;
				IPHONEOS_DEPLOYMENT_TARGET = 5.0;
				OTHER_CFLAGS = "-DNS_BLOCK_ASSERTIONS=1";
				"PROVISIONING_PROFILE[sdk=iphoneos*]" = "6C5571EA-EEC1-4C8F-BB49-ED4E1C5BBAEA";
				SDKROOT = iphoneos;
				VALIDATE_PRODUCT = YES;
			};
			name = Release;
		};
		F3FBE93C14D79B2800CF86BA /* Debug */ = {
			isa = XCBuildConfiguration;
			buildSettings = {
				"CODE_SIGN_IDENTITY[sdk=iphoneos*]" = "iPhone Developer: xiao ran (TE8FBG5AHZ)";
				GCC_PRECOMPILE_PREFIX_HEADER = YES;
				GCC_PREFIX_HEADER = "MyTask/MyTask-Prefix.pch";
				INFOPLIST_FILE = "MyTask/MyTask-Info.plist";
				IPHONEOS_DEPLOYMENT_TARGET = 5.0;
				PRODUCT_NAME = "$(TARGET_NAME)";
				"PROVISIONING_PROFILE[sdk=iphoneos*]" = "6C5571EA-EEC1-4C8F-BB49-ED4E1C5BBAEA";
				WRAPPER_EXTENSION = app;
			};
			name = Debug;
		};
		F3FBE93D14D79B2800CF86BA /* Release */ = {
			isa = XCBuildConfiguration;
			buildSettings = {
				"CODE_SIGN_IDENTITY[sdk=iphoneos*]" = "iPhone Developer: xiao ran (TE8FBG5AHZ)";
				GCC_PRECOMPILE_PREFIX_HEADER = YES;
				GCC_PREFIX_HEADER = "MyTask/MyTask-Prefix.pch";
				INFOPLIST_FILE = "MyTask/MyTask-Info.plist";
				IPHONEOS_DEPLOYMENT_TARGET = 5.0;
				PRODUCT_NAME = "$(TARGET_NAME)";
				"PROVISIONING_PROFILE[sdk=iphoneos*]" = "6C5571EA-EEC1-4C8F-BB49-ED4E1C5BBAEA";
				WRAPPER_EXTENSION = app;
			};
			name = Release;
		};
/* End XCBuildConfiguration section */

/* Begin XCConfigurationList section */
		F3FBE91D14D79B2800CF86BA /* Build configuration list for PBXProject "MyTask" */ = {
			isa = XCConfigurationList;
			buildConfigurations = (
				F3FBE93914D79B2800CF86BA /* Debug */,
				F3FBE93A14D79B2800CF86BA /* Release */,
			);
			defaultConfigurationIsVisible = 0;
			defaultConfigurationName = Release;
		};
		F3FBE93B14D79B2800CF86BA /* Build configuration list for PBXNativeTarget "MyTask" */ = {
			isa = XCConfigurationList;
			buildConfigurations = (
				F3FBE93C14D79B2800CF86BA /* Debug */,
				F3FBE93D14D79B2800CF86BA /* Release */,
			);
			defaultConfigurationIsVisible = 0;
			defaultConfigurationName = Release;
		};
/* End XCConfigurationList section */
	};
	rootObject = F3FBE91A14D79B2800CF86BA /* Project object */;
}
